// !$*UTF8*$!
{
	archiveVersion = 1;
	classes = {
	};
	objectVersion = 48;
	objects = {

/* Begin PBXBuildFile section */
		60098B061EFBFAF500ABD168 /* sushiapplication.h in Headers */ = {isa = PBXBuildFile; fileRef = 60098AF81EFBFAF500ABD168 /* sushiapplication.h */; settings = {ATTRIBUTES = (Public, ); }; };
		60098B1C1EFBFB6800ABD168 /* Application.swift in Sources */ = {isa = PBXBuildFile; fileRef = 60098B1B1EFBFB6800ABD168 /* Application.swift */; };
		60098B1E1EFBFBA000ABD168 /* ApplicationDriver.swift in Sources */ = {isa = PBXBuildFile; fileRef = 60098B1D1EFBFB9F00ABD168 /* ApplicationDriver.swift */; };
		6032B7FA1F3CAC3500CCA669 /* sushiapplicationmac.h in Headers */ = {isa = PBXBuildFile; fileRef = 6032B7F81F3CAC3500CCA669 /* sushiapplicationmac.h */; settings = {ATTRIBUTES = (Public, ); }; };
		6032B8061F3CAC4E00CCA669 /* Application.swift in Sources */ = {isa = PBXBuildFile; fileRef = 60098B1B1EFBFB6800ABD168 /* Application.swift */; };
		6032B8071F3CAC4E00CCA669 /* ApplicationDriver.swift in Sources */ = {isa = PBXBuildFile; fileRef = 60098B1D1EFBFB9F00ABD168 /* ApplicationDriver.swift */; };
/* End PBXBuildFile section */

/* Begin PBXContainerItemProxy section */
		60098B151EFBFB5600ABD168 /* PBXContainerItemProxy */ = {
			isa = PBXContainerItemProxy;
			containerPortal = 60098B101EFBFB5600ABD168 /* sushicore.xcodeproj */;
			proxyType = 2;
			remoteGlobalIDString = 60098AC81EFBF47500ABD168;
			remoteInfo = sushicore;
		};
		60098B191EFBFB5E00ABD168 /* PBXContainerItemProxy */ = {
			isa = PBXContainerItemProxy;
			containerPortal = 60098B101EFBFB5600ABD168 /* sushicore.xcodeproj */;
			proxyType = 1;
			remoteGlobalIDString = 60098AC71EFBF47500ABD168;
			remoteInfo = sushicore;
		};
		60098B481EFBFD0F00ABD168 /* PBXContainerItemProxy */ = {
			isa = PBXContainerItemProxy;
			containerPortal = 60098B431EFBFD0F00ABD168 /* sushiwindow.xcodeproj */;
			proxyType = 2;
			remoteGlobalIDString = 60098B291EFBFCFF00ABD168;
			remoteInfo = sushiwindow;
		};
		60098B4C1EFBFD1800ABD168 /* PBXContainerItemProxy */ = {
			isa = PBXContainerItemProxy;
			containerPortal = 60098B431EFBFD0F00ABD168 /* sushiwindow.xcodeproj */;
			proxyType = 1;
			remoteGlobalIDString = 60098B281EFBFCFF00ABD168;
			remoteInfo = sushiwindow;
		};
		601AADA41F1096CC00045F87 /* PBXContainerItemProxy */ = {
			isa = PBXContainerItemProxy;
			containerPortal = 601AAD9E1F1096CC00045F87 /* sushigraphics.xcodeproj */;
			proxyType = 2;
			remoteGlobalIDString = 60D143E41F03F411004DE551;
			remoteInfo = sushigraphics;
		};
		601AADA91F10977900045F87 /* PBXContainerItemProxy */ = {
			isa = PBXContainerItemProxy;
			containerPortal = 601AAD9E1F1096CC00045F87 /* sushigraphics.xcodeproj */;
			proxyType = 1;
			remoteGlobalIDString = 60D143E31F03F411004DE551;
			remoteInfo = sushigraphics;
		};
		6032B7FF1F3CAC3500CCA669 /* PBXContainerItemProxy */ = {
			isa = PBXContainerItemProxy;
			containerPortal = 60098B101EFBFB5600ABD168 /* sushicore.xcodeproj */;
			proxyType = 2;
			remoteGlobalIDString = 60FC215A1F3CAAE70002769F;
			remoteInfo = sushicoremac;
		};
		6032B8041F3CAC4100CCA669 /* PBXContainerItemProxy */ = {
			isa = PBXContainerItemProxy;
			containerPortal = 60098B101EFBFB5600ABD168 /* sushicore.xcodeproj */;
			proxyType = 1;
			remoteGlobalIDString = 60FC21591F3CAAE70002769F;
			remoteInfo = sushicoremac;
		};
		6032B83B1F3CAD4000CCA669 /* PBXContainerItemProxy */ = {
			isa = PBXContainerItemProxy;
			containerPortal = 601AAD9E1F1096CC00045F87 /* sushigraphics.xcodeproj */;
			proxyType = 1;
			remoteGlobalIDString = 6032B8201F3CACE300CCA669;
			remoteInfo = sushigraphicsmac;
		};
		6032B83D1F3CAD4000CCA669 /* PBXContainerItemProxy */ = {
			isa = PBXContainerItemProxy;
			containerPortal = 60098B431EFBFD0F00ABD168 /* sushiwindow.xcodeproj */;
			proxyType = 1;
			remoteGlobalIDString = 6032B80C1F3CACAA00CCA669;
			remoteInfo = sushiwindowmac;
		};
		6032B8401F3CAD4000CCA669 /* PBXContainerItemProxy */ = {
			isa = PBXContainerItemProxy;
			containerPortal = 601AAD9E1F1096CC00045F87 /* sushigraphics.xcodeproj */;
			proxyType = 2;
			remoteGlobalIDString = 6032B8211F3CACE300CCA669;
			remoteInfo = sushigraphicsmac;
		};
		6032B8431F3CAD4000CCA669 /* PBXContainerItemProxy */ = {
			isa = PBXContainerItemProxy;
			containerPortal = 60098B431EFBFD0F00ABD168 /* sushiwindow.xcodeproj */;
			proxyType = 2;
			remoteGlobalIDString = 6032B80D1F3CACAA00CCA669;
			remoteInfo = sushiwindowmac;
		};
		6032B8551F3CAD7D00CCA669 /* PBXContainerItemProxy */ = {
			isa = PBXContainerItemProxy;
			containerPortal = 60B89BBF1F1298F60083CBD1 /* sushistorage.xcodeproj */;
			proxyType = 1;
			remoteGlobalIDString = 6032B8491F3CAD4E00CCA669;
			remoteInfo = sushistoragemac;
		};
		6032B8581F3CAD7D00CCA669 /* PBXContainerItemProxy */ = {
			isa = PBXContainerItemProxy;
			containerPortal = 60B89BBF1F1298F60083CBD1 /* sushistorage.xcodeproj */;
			proxyType = 2;
			remoteGlobalIDString = 6032B84A1F3CAD4E00CCA669;
			remoteInfo = sushistoragemac;
		};
		60B89BC51F1298F60083CBD1 /* PBXContainerItemProxy */ = {
			isa = PBXContainerItemProxy;
			containerPortal = 60B89BBF1F1298F60083CBD1 /* sushistorage.xcodeproj */;
			proxyType = 2;
			remoteGlobalIDString = 60AFF5921F11F7C700F9E24F;
			remoteInfo = sushistorage;
		};
		60B89BC81F1298FC0083CBD1 /* PBXContainerItemProxy */ = {
			isa = PBXContainerItemProxy;
			containerPortal = 60B89BBF1F1298F60083CBD1 /* sushistorage.xcodeproj */;
			proxyType = 1;
			remoteGlobalIDString = 60AFF5911F11F7C700F9E24F;
			remoteInfo = sushistorage;
		};
/* End PBXContainerItemProxy section */

/* Begin PBXFileReference section */
		60098AF51EFBFAF500ABD168 /* sushiapplication.framework */ = {isa = PBXFileReference; explicitFileType = wrapper.framework; includeInIndex = 0; path = sushiapplication.framework; sourceTree = BUILT_PRODUCTS_DIR; };
		60098AF81EFBFAF500ABD168 /* sushiapplication.h */ = {isa = PBXFileReference; lastKnownFileType = sourcecode.c.h; path = sushiapplication.h; sourceTree = "<group>"; };
		60098AF91EFBFAF500ABD168 /* Info.plist */ = {isa = PBXFileReference; lastKnownFileType = text.plist.xml; path = Info.plist; sourceTree = "<group>"; };
		60098B101EFBFB5600ABD168 /* sushicore.xcodeproj */ = {isa = PBXFileReference; lastKnownFileType = "wrapper.pb-project"; name = sushicore.xcodeproj; path = ../sushicore/sushicore.xcodeproj; sourceTree = "<group>"; };
		60098B1B1EFBFB6800ABD168 /* Application.swift */ = {isa = PBXFileReference; lastKnownFileType = sourcecode.swift; path = Application.swift; sourceTree = "<group>"; };
		60098B1D1EFBFB9F00ABD168 /* ApplicationDriver.swift */ = {isa = PBXFileReference; lastKnownFileType = sourcecode.swift; path = ApplicationDriver.swift; sourceTree = "<group>"; };
		60098B431EFBFD0F00ABD168 /* sushiwindow.xcodeproj */ = {isa = PBXFileReference; lastKnownFileType = "wrapper.pb-project"; name = sushiwindow.xcodeproj; path = ../sushiwindow/sushiwindow.xcodeproj; sourceTree = "<group>"; };
		601AAD9E1F1096CC00045F87 /* sushigraphics.xcodeproj */ = {isa = PBXFileReference; lastKnownFileType = "wrapper.pb-project"; name = sushigraphics.xcodeproj; path = ../sushigraphics/sushigraphics.xcodeproj; sourceTree = "<group>"; };
		6032B7F61F3CAC3500CCA669 /* sushiapplication.framework */ = {isa = PBXFileReference; explicitFileType = wrapper.framework; includeInIndex = 0; path = sushiapplication.framework; sourceTree = BUILT_PRODUCTS_DIR; };
		6032B7F81F3CAC3500CCA669 /* sushiapplicationmac.h */ = {isa = PBXFileReference; lastKnownFileType = sourcecode.c.h; path = sushiapplicationmac.h; sourceTree = "<group>"; };
		6032B7F91F3CAC3500CCA669 /* Info.plist */ = {isa = PBXFileReference; lastKnownFileType = text.plist.xml; path = Info.plist; sourceTree = "<group>"; };
		60B89BBF1F1298F60083CBD1 /* sushistorage.xcodeproj */ = {isa = PBXFileReference; lastKnownFileType = "wrapper.pb-project"; name = sushistorage.xcodeproj; path = ../sushistorage/sushistorage.xcodeproj; sourceTree = "<group>"; };
/* End PBXFileReference section */

/* Begin PBXFrameworksBuildPhase section */
		60098AF11EFBFAF500ABD168 /* Frameworks */ = {
			isa = PBXFrameworksBuildPhase;
			buildActionMask = 2147483647;
			files = (
			);
			runOnlyForDeploymentPostprocessing = 0;
		};
		6032B7F21F3CAC3500CCA669 /* Frameworks */ = {
			isa = PBXFrameworksBuildPhase;
			buildActionMask = 2147483647;
			files = (
			);
			runOnlyForDeploymentPostprocessing = 0;
		};
/* End PBXFrameworksBuildPhase section */

/* Begin PBXGroup section */
		60098AEB1EFBFAF500ABD168 = {
			isa = PBXGroup;
			children = (
				60098B0F1EFBFB4700ABD168 /* Dependencies */,
				60098AF61EFBFAF500ABD168 /* Products */,
				60098AF71EFBFAF500ABD168 /* sushiapplication */,
				6032B7F71F3CAC3500CCA669 /* sushiapplicationmac */,
			);
			sourceTree = "<group>";
		};
		60098AF61EFBFAF500ABD168 /* Products */ = {
			isa = PBXGroup;
			children = (
				60098AF51EFBFAF500ABD168 /* sushiapplication.framework */,
				6032B7F61F3CAC3500CCA669 /* sushiapplication.framework */,
			);
			name = Products;
			sourceTree = "<group>";
		};
		60098AF71EFBFAF500ABD168 /* sushiapplication */ = {
			isa = PBXGroup;
			children = (
				60098AF81EFBFAF500ABD168 /* sushiapplication.h */,
				60098AF91EFBFAF500ABD168 /* Info.plist */,
				60098B1B1EFBFB6800ABD168 /* Application.swift */,
				60098B1D1EFBFB9F00ABD168 /* ApplicationDriver.swift */,
			);
			path = sushiapplication;
			sourceTree = "<group>";
		};
		60098B0F1EFBFB4700ABD168 /* Dependencies */ = {
			isa = PBXGroup;
			children = (
				60098B101EFBFB5600ABD168 /* sushicore.xcodeproj */,
				601AAD9E1F1096CC00045F87 /* sushigraphics.xcodeproj */,
				60B89BBF1F1298F60083CBD1 /* sushistorage.xcodeproj */,
				60098B431EFBFD0F00ABD168 /* sushiwindow.xcodeproj */,
			);
			name = Dependencies;
			sourceTree = "<group>";
		};
		60098B111EFBFB5600ABD168 /* Products */ = {
			isa = PBXGroup;
			children = (
				60098B161EFBFB5600ABD168 /* sushicore.framework */,
				6032B8001F3CAC3500CCA669 /* sushicore.framework */,
			);
			name = Products;
			sourceTree = "<group>";
		};
		60098B441EFBFD0F00ABD168 /* Products */ = {
			isa = PBXGroup;
			children = (
				60098B491EFBFD0F00ABD168 /* sushiwindow.framework */,
				6032B8441F3CAD4000CCA669 /* sushiwindow.framework */,
			);
			name = Products;
			sourceTree = "<group>";
		};
		601AAD9F1F1096CC00045F87 /* Products */ = {
			isa = PBXGroup;
			children = (
				601AADA51F1096CC00045F87 /* sushigraphics.framework */,
				6032B8411F3CAD4000CCA669 /* sushigraphics.framework */,
			);
			name = Products;
			sourceTree = "<group>";
		};
		6032B7F71F3CAC3500CCA669 /* sushiapplicationmac */ = {
			isa = PBXGroup;
			children = (
				6032B7F81F3CAC3500CCA669 /* sushiapplicationmac.h */,
				6032B7F91F3CAC3500CCA669 /* Info.plist */,
			);
			path = sushiapplicationmac;
			sourceTree = "<group>";
		};
		60B89BC01F1298F60083CBD1 /* Products */ = {
			isa = PBXGroup;
			children = (
				60B89BC61F1298F60083CBD1 /* sushistorage.framework */,
				6032B8591F3CAD7D00CCA669 /* sushistorage.framework */,
			);
			name = Products;
			sourceTree = "<group>";
		};
/* End PBXGroup section */

/* Begin PBXHeadersBuildPhase section */
		60098AF21EFBFAF500ABD168 /* Headers */ = {
			isa = PBXHeadersBuildPhase;
			buildActionMask = 2147483647;
			files = (
				60098B061EFBFAF500ABD168 /* sushiapplication.h in Headers */,
			);
			runOnlyForDeploymentPostprocessing = 0;
		};
		6032B7F31F3CAC3500CCA669 /* Headers */ = {
			isa = PBXHeadersBuildPhase;
			buildActionMask = 2147483647;
			files = (
				6032B7FA1F3CAC3500CCA669 /* sushiapplicationmac.h in Headers */,
			);
			runOnlyForDeploymentPostprocessing = 0;
		};
/* End PBXHeadersBuildPhase section */

/* Begin PBXNativeTarget section */
		60098AF41EFBFAF500ABD168 /* sushiapplication */ = {
			isa = PBXNativeTarget;
			buildConfigurationList = 60098B091EFBFAF500ABD168 /* Build configuration list for PBXNativeTarget "sushiapplication" */;
			buildPhases = (
				60098AF01EFBFAF500ABD168 /* Sources */,
				60098AF11EFBFAF500ABD168 /* Frameworks */,
				60098AF21EFBFAF500ABD168 /* Headers */,
				60098AF31EFBFAF500ABD168 /* Resources */,
			);
			buildRules = (
			);
			dependencies = (
				60B89BC91F1298FC0083CBD1 /* PBXTargetDependency */,
				601AADAA1F10977900045F87 /* PBXTargetDependency */,
				60098B4D1EFBFD1800ABD168 /* PBXTargetDependency */,
				60098B1A1EFBFB5E00ABD168 /* PBXTargetDependency */,
			);
			name = sushiapplication;
			productName = sushiapplication;
			productReference = 60098AF51EFBFAF500ABD168 /* sushiapplication.framework */;
			productType = "com.apple.product-type.framework";
		};
		6032B7F51F3CAC3500CCA669 /* sushiapplicationmac */ = {
			isa = PBXNativeTarget;
			buildConfigurationList = 6032B8031F3CAC3500CCA669 /* Build configuration list for PBXNativeTarget "sushiapplicationmac" */;
			buildPhases = (
				6032B7F11F3CAC3500CCA669 /* Sources */,
				6032B7F21F3CAC3500CCA669 /* Frameworks */,
				6032B7F31F3CAC3500CCA669 /* Headers */,
				6032B7F41F3CAC3500CCA669 /* Resources */,
			);
			buildRules = (
			);
			dependencies = (
				6032B8561F3CAD7D00CCA669 /* PBXTargetDependency */,
				6032B83C1F3CAD4000CCA669 /* PBXTargetDependency */,
				6032B83E1F3CAD4000CCA669 /* PBXTargetDependency */,
				6032B8051F3CAC4100CCA669 /* PBXTargetDependency */,
			);
			name = sushiapplicationmac;
			productName = sushiapplicationmac;
			productReference = 6032B7F61F3CAC3500CCA669 /* sushiapplication.framework */;
			productType = "com.apple.product-type.framework";
		};
/* End PBXNativeTarget section */

/* Begin PBXProject section */
		60098AEC1EFBFAF500ABD168 /* Project object */ = {
			isa = PBXProject;
			attributes = {
				LastSwiftUpdateCheck = 0900;
				LastUpgradeCheck = 0900;
				ORGANIZATIONNAME = "Michael Ong";
				TargetAttributes = {
					60098AF41EFBFAF500ABD168 = {
						CreatedOnToolsVersion = 9.0;
						LastSwiftMigration = 0900;
						ProvisioningStyle = Automatic;
					};
					6032B7F51F3CAC3500CCA669 = {
						CreatedOnToolsVersion = 9.0;
						LastSwiftMigration = 0900;
					};
				};
			};
			buildConfigurationList = 60098AEF1EFBFAF500ABD168 /* Build configuration list for PBXProject "sushiapplication" */;
			compatibilityVersion = "Xcode 8.0";
			developmentRegion = en;
			hasScannedForEncodings = 0;
			knownRegions = (
				en,
			);
			mainGroup = 60098AEB1EFBFAF500ABD168;
			productRefGroup = 60098AF61EFBFAF500ABD168 /* Products */;
			projectDirPath = "";
			projectReferences = (
				{
					ProductGroup = 60098B111EFBFB5600ABD168 /* Products */;
					ProjectRef = 60098B101EFBFB5600ABD168 /* sushicore.xcodeproj */;
				},
				{
					ProductGroup = 601AAD9F1F1096CC00045F87 /* Products */;
					ProjectRef = 601AAD9E1F1096CC00045F87 /* sushigraphics.xcodeproj */;
				},
				{
					ProductGroup = 60B89BC01F1298F60083CBD1 /* Products */;
					ProjectRef = 60B89BBF1F1298F60083CBD1 /* sushistorage.xcodeproj */;
				},
				{
					ProductGroup = 60098B441EFBFD0F00ABD168 /* Products */;
					ProjectRef = 60098B431EFBFD0F00ABD168 /* sushiwindow.xcodeproj */;
				},
			);
			projectRoot = "";
			targets = (
				60098AF41EFBFAF500ABD168 /* sushiapplication */,
				6032B7F51F3CAC3500CCA669 /* sushiapplicationmac */,
			);
		};
/* End PBXProject section */

/* Begin PBXReferenceProxy section */
		60098B161EFBFB5600ABD168 /* sushicore.framework */ = {
			isa = PBXReferenceProxy;
			fileType = wrapper.framework;
			path = sushicore.framework;
			remoteRef = 60098B151EFBFB5600ABD168 /* PBXContainerItemProxy */;
			sourceTree = BUILT_PRODUCTS_DIR;
		};
		60098B491EFBFD0F00ABD168 /* sushiwindow.framework */ = {
			isa = PBXReferenceProxy;
			fileType = wrapper.framework;
			path = sushiwindow.framework;
			remoteRef = 60098B481EFBFD0F00ABD168 /* PBXContainerItemProxy */;
			sourceTree = BUILT_PRODUCTS_DIR;
		};
		601AADA51F1096CC00045F87 /* sushigraphics.framework */ = {
			isa = PBXReferenceProxy;
			fileType = wrapper.framework;
			path = sushigraphics.framework;
			remoteRef = 601AADA41F1096CC00045F87 /* PBXContainerItemProxy */;
			sourceTree = BUILT_PRODUCTS_DIR;
		};
		6032B8001F3CAC3500CCA669 /* sushicore.framework */ = {
			isa = PBXReferenceProxy;
			fileType = wrapper.framework;
			path = sushicore.framework;
			remoteRef = 6032B7FF1F3CAC3500CCA669 /* PBXContainerItemProxy */;
			sourceTree = BUILT_PRODUCTS_DIR;
		};
		6032B8411F3CAD4000CCA669 /* sushigraphics.framework */ = {
			isa = PBXReferenceProxy;
			fileType = wrapper.framework;
			path = sushigraphics.framework;
			remoteRef = 6032B8401F3CAD4000CCA669 /* PBXContainerItemProxy */;
			sourceTree = BUILT_PRODUCTS_DIR;
		};
		6032B8441F3CAD4000CCA669 /* sushiwindow.framework */ = {
			isa = PBXReferenceProxy;
			fileType = wrapper.framework;
			path = sushiwindow.framework;
			remoteRef = 6032B8431F3CAD4000CCA669 /* PBXContainerItemProxy */;
			sourceTree = BUILT_PRODUCTS_DIR;
		};
		6032B8591F3CAD7D00CCA669 /* sushistorage.framework */ = {
			isa = PBXReferenceProxy;
			fileType = wrapper.framework;
			path = sushistorage.framework;
			remoteRef = 6032B8581F3CAD7D00CCA669 /* PBXContainerItemProxy */;
			sourceTree = BUILT_PRODUCTS_DIR;
		};
		60B89BC61F1298F60083CBD1 /* sushistorage.framework */ = {
			isa = PBXReferenceProxy;
			fileType = wrapper.framework;
			path = sushistorage.framework;
			remoteRef = 60B89BC51F1298F60083CBD1 /* PBXContainerItemProxy */;
			sourceTree = BUILT_PRODUCTS_DIR;
		};
/* End PBXReferenceProxy section */

/* Begin PBXResourcesBuildPhase section */
		60098AF31EFBFAF500ABD168 /* Resources */ = {
			isa = PBXResourcesBuildPhase;
			buildActionMask = 2147483647;
			files = (
			);
			runOnlyForDeploymentPostprocessing = 0;
		};
		6032B7F41F3CAC3500CCA669 /* Resources */ = {
			isa = PBXResourcesBuildPhase;
			buildActionMask = 2147483647;
			files = (
			);
			runOnlyForDeploymentPostprocessing = 0;
		};
/* End PBXResourcesBuildPhase section */

/* Begin PBXSourcesBuildPhase section */
		60098AF01EFBFAF500ABD168 /* Sources */ = {
			isa = PBXSourcesBuildPhase;
			buildActionMask = 2147483647;
			files = (
				60098B1E1EFBFBA000ABD168 /* ApplicationDriver.swift in Sources */,
				60098B1C1EFBFB6800ABD168 /* Application.swift in Sources */,
			);
			runOnlyForDeploymentPostprocessing = 0;
		};
		6032B7F11F3CAC3500CCA669 /* Sources */ = {
			isa = PBXSourcesBuildPhase;
			buildActionMask = 2147483647;
			files = (
				6032B8061F3CAC4E00CCA669 /* Application.swift in Sources */,
				6032B8071F3CAC4E00CCA669 /* ApplicationDriver.swift in Sources */,
			);
			runOnlyForDeploymentPostprocessing = 0;
		};
/* End PBXSourcesBuildPhase section */

/* Begin PBXTargetDependency section */
		60098B1A1EFBFB5E00ABD168 /* PBXTargetDependency */ = {
			isa = PBXTargetDependency;
			name = sushicore;
			targetProxy = 60098B191EFBFB5E00ABD168 /* PBXContainerItemProxy */;
		};
		60098B4D1EFBFD1800ABD168 /* PBXTargetDependency */ = {
			isa = PBXTargetDependency;
			name = sushiwindow;
			targetProxy = 60098B4C1EFBFD1800ABD168 /* PBXContainerItemProxy */;
		};
		601AADAA1F10977900045F87 /* PBXTargetDependency */ = {
			isa = PBXTargetDependency;
			name = sushigraphics;
			targetProxy = 601AADA91F10977900045F87 /* PBXContainerItemProxy */;
		};
		6032B8051F3CAC4100CCA669 /* PBXTargetDependency */ = {
			isa = PBXTargetDependency;
			name = sushicoremac;
			targetProxy = 6032B8041F3CAC4100CCA669 /* PBXContainerItemProxy */;
		};
		6032B83C1F3CAD4000CCA669 /* PBXTargetDependency */ = {
			isa = PBXTargetDependency;
			name = sushigraphicsmac;
			targetProxy = 6032B83B1F3CAD4000CCA669 /* PBXContainerItemProxy */;
		};
		6032B83E1F3CAD4000CCA669 /* PBXTargetDependency */ = {
			isa = PBXTargetDependency;
			name = sushiwindowmac;
			targetProxy = 6032B83D1F3CAD4000CCA669 /* PBXContainerItemProxy */;
		};
		6032B8561F3CAD7D00CCA669 /* PBXTargetDependency */ = {
			isa = PBXTargetDependency;
			name = sushistoragemac;
			targetProxy = 6032B8551F3CAD7D00CCA669 /* PBXContainerItemProxy */;
		};
		60B89BC91F1298FC0083CBD1 /* PBXTargetDependency */ = {
			isa = PBXTargetDependency;
			name = sushistorage;
			targetProxy = 60B89BC81F1298FC0083CBD1 /* PBXContainerItemProxy */;
		};
/* End PBXTargetDependency section */

/* Begin XCBuildConfiguration section */
		60098B071EFBFAF500ABD168 /* Debug */ = {
			isa = XCBuildConfiguration;
			buildSettings = {
				ALWAYS_SEARCH_USER_PATHS = NO;
				CLANG_ANALYZER_NONNULL = YES;
				CLANG_ANALYZER_NUMBER_OBJECT_CONVERSION = YES_AGGRESSIVE;
				CLANG_CXX_LANGUAGE_STANDARD = "gnu++14";
				CLANG_CXX_LIBRARY = "libc++";
				CLANG_ENABLE_MODULES = YES;
				CLANG_ENABLE_OBJC_ARC = YES;
				CLANG_WARN_BLOCK_CAPTURE_AUTORELEASING = YES;
				CLANG_WARN_BOOL_CONVERSION = YES;
				CLANG_WARN_COMMA = YES;
				CLANG_WARN_CONSTANT_CONVERSION = YES;
				CLANG_WARN_DIRECT_OBJC_ISA_USAGE = YES_ERROR;
				CLANG_WARN_DOCUMENTATION_COMMENTS = YES;
				CLANG_WARN_EMPTY_BODY = YES;
				CLANG_WARN_ENUM_CONVERSION = YES;
				CLANG_WARN_INFINITE_RECURSION = YES;
				CLANG_WARN_INT_CONVERSION = YES;
				CLANG_WARN_NON_LITERAL_NULL_CONVERSION = YES;
				CLANG_WARN_OBJC_LITERAL_CONVERSION = YES;
				CLANG_WARN_OBJC_ROOT_CLASS = YES_ERROR;
				CLANG_WARN_RANGE_LOOP_ANALYSIS = YES;
				CLANG_WARN_STRICT_PROTOTYPES = YES;
				CLANG_WARN_SUSPICIOUS_MOVE = YES;
				CLANG_WARN_UNGUARDED_AVAILABILITY = YES_AGGRESSIVE;
				CLANG_WARN_UNREACHABLE_CODE = YES;
				CLANG_WARN__DUPLICATE_METHOD_MATCH = YES;
				CODE_SIGN_IDENTITY = "iPhone Developer";
				COPY_PHASE_STRIP = NO;
				CURRENT_PROJECT_VERSION = 1;
				DEBUG_INFORMATION_FORMAT = dwarf;
				ENABLE_STRICT_OBJC_MSGSEND = YES;
				ENABLE_TESTABILITY = YES;
				GCC_C_LANGUAGE_STANDARD = gnu11;
				GCC_DYNAMIC_NO_PIC = NO;
				GCC_NO_COMMON_BLOCKS = YES;
				GCC_OPTIMIZATION_LEVEL = 0;
				GCC_PREPROCESSOR_DEFINITIONS = (
					"DEBUG=1",
					"$(inherited)",
				);
				GCC_WARN_64_TO_32_BIT_CONVERSION = YES;
				GCC_WARN_ABOUT_RETURN_TYPE = YES_ERROR;
				GCC_WARN_UNDECLARED_SELECTOR = YES;
				GCC_WARN_UNINITIALIZED_AUTOS = YES_AGGRESSIVE;
				GCC_WARN_UNUSED_FUNCTION = YES;
				GCC_WARN_UNUSED_VARIABLE = YES;
				IPHONEOS_DEPLOYMENT_TARGET = 10.3;
				MTL_ENABLE_DEBUG_INFO = YES;
				ONLY_ACTIVE_ARCH = YES;
				SDKROOT = iphoneos;
				SWIFT_ACTIVE_COMPILATION_CONDITIONS = DEBUG;
				SWIFT_OPTIMIZATION_LEVEL = "-Onone";
				VERSIONING_SYSTEM = "apple-generic";
				VERSION_INFO_PREFIX = "";
			};
			name = Debug;
		};
		60098B081EFBFAF500ABD168 /* Release */ = {
			isa = XCBuildConfiguration;
			buildSettings = {
				ALWAYS_SEARCH_USER_PATHS = NO;
				CLANG_ANALYZER_NONNULL = YES;
				CLANG_ANALYZER_NUMBER_OBJECT_CONVERSION = YES_AGGRESSIVE;
				CLANG_CXX_LANGUAGE_STANDARD = "gnu++14";
				CLANG_CXX_LIBRARY = "libc++";
				CLANG_ENABLE_MODULES = YES;
				CLANG_ENABLE_OBJC_ARC = YES;
				CLANG_WARN_BLOCK_CAPTURE_AUTORELEASING = YES;
				CLANG_WARN_BOOL_CONVERSION = YES;
				CLANG_WARN_COMMA = YES;
				CLANG_WARN_CONSTANT_CONVERSION = YES;
				CLANG_WARN_DIRECT_OBJC_ISA_USAGE = YES_ERROR;
				CLANG_WARN_DOCUMENTATION_COMMENTS = YES;
				CLANG_WARN_EMPTY_BODY = YES;
				CLANG_WARN_ENUM_CONVERSION = YES;
				CLANG_WARN_INFINITE_RECURSION = YES;
				CLANG_WARN_INT_CONVERSION = YES;
				CLANG_WARN_NON_LITERAL_NULL_CONVERSION = YES;
				CLANG_WARN_OBJC_LITERAL_CONVERSION = YES;
				CLANG_WARN_OBJC_ROOT_CLASS = YES_ERROR;
				CLANG_WARN_RANGE_LOOP_ANALYSIS = YES;
				CLANG_WARN_STRICT_PROTOTYPES = YES;
				CLANG_WARN_SUSPICIOUS_MOVE = YES;
				CLANG_WARN_UNGUARDED_AVAILABILITY = YES_AGGRESSIVE;
				CLANG_WARN_UNREACHABLE_CODE = YES;
				CLANG_WARN__DUPLICATE_METHOD_MATCH = YES;
				CODE_SIGN_IDENTITY = "iPhone Developer";
				COPY_PHASE_STRIP = NO;
				CURRENT_PROJECT_VERSION = 1;
				DEBUG_INFORMATION_FORMAT = "dwarf-with-dsym";
				ENABLE_NS_ASSERTIONS = NO;
				ENABLE_STRICT_OBJC_MSGSEND = YES;
				GCC_C_LANGUAGE_STANDARD = gnu11;
				GCC_NO_COMMON_BLOCKS = YES;
				GCC_WARN_64_TO_32_BIT_CONVERSION = YES;
				GCC_WARN_ABOUT_RETURN_TYPE = YES_ERROR;
				GCC_WARN_UNDECLARED_SELECTOR = YES;
				GCC_WARN_UNINITIALIZED_AUTOS = YES_AGGRESSIVE;
				GCC_WARN_UNUSED_FUNCTION = YES;
				GCC_WARN_UNUSED_VARIABLE = YES;
				IPHONEOS_DEPLOYMENT_TARGET = 10.3;
				MTL_ENABLE_DEBUG_INFO = NO;
				SDKROOT = iphoneos;
				SWIFT_OPTIMIZATION_LEVEL = "-Owholemodule";
				VALIDATE_PRODUCT = YES;
				VERSIONING_SYSTEM = "apple-generic";
				VERSION_INFO_PREFIX = "";
			};
			name = Release;
		};
		60098B0A1EFBFAF500ABD168 /* Debug */ = {
			isa = XCBuildConfiguration;
			buildSettings = {
				CLANG_ENABLE_MODULES = YES;
				CODE_SIGN_IDENTITY = "";
				"CODE_SIGN_IDENTITY[sdk=iphoneos*]" = "";
				CODE_SIGN_STYLE = Automatic;
				DEFINES_MODULE = YES;
				DEVELOPMENT_TEAM = FV49BGP2TT;
				DYLIB_COMPATIBILITY_VERSION = 1;
				DYLIB_CURRENT_VERSION = 1;
				DYLIB_INSTALL_NAME_BASE = "@rpath";
				INFOPLIST_FILE = sushiapplication/Info.plist;
				INSTALL_PATH = "$(LOCAL_LIBRARY_DIR)/Frameworks";
				IPHONEOS_DEPLOYMENT_TARGET = 10.3;
				LD_RUNPATH_SEARCH_PATHS = "$(inherited) @executable_path/Frameworks @loader_path/Frameworks";
				PRODUCT_BUNDLE_IDENTIFIER = net.rantingmong.sushi.application;
				PRODUCT_NAME = sushiapplication;
				PROVISIONING_PROFILE_SPECIFIER = "";
				SKIP_INSTALL = YES;
				SWIFT_OPTIMIZATION_LEVEL = "-Onone";
				SWIFT_VERSION = 3.0;
				TARGETED_DEVICE_FAMILY = "1,2";
			};
			name = Debug;
		};
		60098B0B1EFBFAF500ABD168 /* Release */ = {
			isa = XCBuildConfiguration;
			buildSettings = {
				CLANG_ENABLE_MODULES = YES;
				CODE_SIGN_IDENTITY = "";
				"CODE_SIGN_IDENTITY[sdk=iphoneos*]" = "";
				CODE_SIGN_STYLE = Automatic;
				DEFINES_MODULE = YES;
				DEVELOPMENT_TEAM = FV49BGP2TT;
				DYLIB_COMPATIBILITY_VERSION = 1;
				DYLIB_CURRENT_VERSION = 1;
				DYLIB_INSTALL_NAME_BASE = "@rpath";
				INFOPLIST_FILE = sushiapplication/Info.plist;
				INSTALL_PATH = "$(LOCAL_LIBRARY_DIR)/Frameworks";
				IPHONEOS_DEPLOYMENT_TARGET = 10.3;
				LD_RUNPATH_SEARCH_PATHS = "$(inherited) @executable_path/Frameworks @loader_path/Frameworks";
				PRODUCT_BUNDLE_IDENTIFIER = net.rantingmong.sushi.application;
				PRODUCT_NAME = sushiapplication;
				PROVISIONING_PROFILE_SPECIFIER = "";
				SKIP_INSTALL = YES;
				SWIFT_VERSION = 3.0;
				TARGETED_DEVICE_FAMILY = "1,2";
			};
			name = Release;
		};
		6032B7FB1F3CAC3500CCA669 /* Debug */ = {
			isa = XCBuildConfiguration;
			buildSettings = {
				CLANG_WARN_NON_LITERAL_NULL_CONVERSION = YES;
				CLANG_WARN_OBJC_LITERAL_CONVERSION = YES;
				CODE_SIGN_IDENTITY = "";
				COMBINE_HIDPI_IMAGES = YES;
				DEFINES_MODULE = YES;
				DEVELOPMENT_TEAM = FV49BGP2TT;
				DYLIB_COMPATIBILITY_VERSION = 1;
				DYLIB_CURRENT_VERSION = 1;
				DYLIB_INSTALL_NAME_BASE = "@rpath";
				FRAMEWORK_VERSION = A;
				INFOPLIST_FILE = sushiapplicationmac/Info.plist;
				INSTALL_PATH = "$(LOCAL_LIBRARY_DIR)/Frameworks";
				LD_RUNPATH_SEARCH_PATHS = "$(inherited) @executable_path/../Frameworks @loader_path/Frameworks";
				MACOSX_DEPLOYMENT_TARGET = 10.12;
				PRODUCT_BUNDLE_IDENTIFIER = net.rantingmong.sushi.application;
				PRODUCT_NAME = sushiapplication;
				SDKROOT = macosx;
				SKIP_INSTALL = YES;
				SWIFT_SWIFT3_OBJC_INFERENCE = On;
				SWIFT_VERSION = 4.0;
			};
			name = Debug;
		};
		6032B7FC1F3CAC3500CCA669 /* Release */ = {
			isa = XCBuildConfiguration;
			buildSettings = {
				CLANG_WARN_NON_LITERAL_NULL_CONVERSION = YES;
				CLANG_WARN_OBJC_LITERAL_CONVERSION = YES;
				CODE_SIGN_IDENTITY = "";
				COMBINE_HIDPI_IMAGES = YES;
				DEFINES_MODULE = YES;
				DEVELOPMENT_TEAM = FV49BGP2TT;
				DYLIB_COMPATIBILITY_VERSION = 1;
				DYLIB_CURRENT_VERSION = 1;
				DYLIB_INSTALL_NAME_BASE = "@rpath";
				FRAMEWORK_VERSION = A;
				INFOPLIST_FILE = sushiapplicationmac/Info.plist;
				INSTALL_PATH = "$(LOCAL_LIBRARY_DIR)/Frameworks";
				LD_RUNPATH_SEARCH_PATHS = "$(inherited) @executable_path/../Frameworks @loader_path/Frameworks";
				MACOSX_DEPLOYMENT_TARGET = 10.12;
				PRODUCT_BUNDLE_IDENTIFIER = net.rantingmong.sushi.application;
				PRODUCT_NAME = sushiapplication;
				SDKROOT = macosx;
				SKIP_INSTALL = YES;
				SWIFT_SWIFT3_OBJC_INFERENCE = On;
				SWIFT_VERSION = 4.0;
			};
			name = Release;
		};
/* End XCBuildConfiguration section */

/* Begin XCConfigurationList section */
		60098AEF1EFBFAF500ABD168 /* Build configuration list for PBXProject "sushiapplication" */ = {
			isa = XCConfigurationList;
			buildConfigurations = (
				60098B071EFBFAF500ABD168 /* Debug */,
				60098B081EFBFAF500ABD168 /* Release */,
			);
			defaultConfigurationIsVisible = 0;
			defaultConfigurationName = Release;
		};
		60098B091EFBFAF500ABD168 /* Build configuration list for PBXNativeTarget "sushiapplication" */ = {
			isa = XCConfigurationList;
			buildConfigurations = (
				60098B0A1EFBFAF500ABD168 /* Debug */,
				60098B0B1EFBFAF500ABD168 /* Release */,
			);
			defaultConfigurationIsVisible = 0;
			defaultConfigurationName = Release;
		};
		6032B8031F3CAC3500CCA669 /* Build configuration list for PBXNativeTarget "sushiapplicationmac" */ = {
			isa = XCConfigurationList;
			buildConfigurations = (
				6032B7FB1F3CAC3500CCA669 /* Debug */,
				6032B7FC1F3CAC3500CCA669 /* Release */,
			);
			defaultConfigurationIsVisible = 0;
			defaultConfigurationName = Release;
		};
/* End XCConfigurationList section */
	};
	rootObject = 60098AEC1EFBFAF500ABD168 /* Project object */;
}
