// !$*UTF8*$!
{
	archiveVersion = 1;
	classes = {
	};
	objectVersion = 48;
	objects = {

/* Begin PBXBuildFile section */
		60ACD8E91F482C81005ED71A /* Rectangle.cpp in Sources */ = {isa = PBXBuildFile; fileRef = 60ACD8E11F482C81005ED71A /* Rectangle.cpp */; };
		60ACD8EA1F482C81005ED71A /* FastFail.cpp in Sources */ = {isa = PBXBuildFile; fileRef = 60ACD8E21F482C81005ED71A /* FastFail.cpp */; };
/* End PBXBuildFile section */

/* Begin PBXCopyFilesBuildPhase section */
		60A6975A1F482A8C0000CF46 /* CopyFiles */ = {
			isa = PBXCopyFilesBuildPhase;
			buildActionMask = 2147483647;
			dstPath = "include/$(PRODUCT_NAME)";
			dstSubfolderSpec = 16;
			files = (
			);
			runOnlyForDeploymentPostprocessing = 0;
		};
/* End PBXCopyFilesBuildPhase section */

/* Begin PBXFileReference section */
		60A6975C1F482A8C0000CF46 /* libsushicoreios.a */ = {isa = PBXFileReference; explicitFileType = archive.ar; includeInIndex = 0; path = libsushicoreios.a; sourceTree = BUILT_PRODUCTS_DIR; };
		60ACD8E11F482C81005ED71A /* Rectangle.cpp */ = {isa = PBXFileReference; fileEncoding = 4; lastKnownFileType = sourcecode.cpp.cpp; path = Rectangle.cpp; sourceTree = "<group>"; };
		60ACD8E21F482C81005ED71A /* FastFail.cpp */ = {isa = PBXFileReference; fileEncoding = 4; lastKnownFileType = sourcecode.cpp.cpp; path = FastFail.cpp; sourceTree = "<group>"; };
		60ACD8E31F482C81005ED71A /* FastFail.h */ = {isa = PBXFileReference; fileEncoding = 4; lastKnownFileType = sourcecode.c.h; path = FastFail.h; sourceTree = "<group>"; };
		60ACD8E41F482C81005ED71A /* CoreObject.h */ = {isa = PBXFileReference; fileEncoding = 4; lastKnownFileType = sourcecode.c.h; path = CoreObject.h; sourceTree = "<group>"; };
		60ACD8E51F482C81005ED71A /* Matrix.h */ = {isa = PBXFileReference; fileEncoding = 4; lastKnownFileType = sourcecode.c.h; path = Matrix.h; sourceTree = "<group>"; };
		60ACD8E61F482C81005ED71A /* PointerOwnership.h */ = {isa = PBXFileReference; fileEncoding = 4; lastKnownFileType = sourcecode.c.h; path = PointerOwnership.h; sourceTree = "<group>"; };
		60ACD8E71F482C81005ED71A /* Rectangle.h */ = {isa = PBXFileReference; fileEncoding = 4; lastKnownFileType = sourcecode.c.h; path = Rectangle.h; sourceTree = "<group>"; };
		60ACD8E81F482C81005ED71A /* Vector.h */ = {isa = PBXFileReference; fileEncoding = 4; lastKnownFileType = sourcecode.c.h; path = Vector.h; sourceTree = "<group>"; };
/* End PBXFileReference section */

/* Begin PBXFrameworksBuildPhase section */
		60A697591F482A8C0000CF46 /* Frameworks */ = {
			isa = PBXFrameworksBuildPhase;
			buildActionMask = 2147483647;
			files = (
			);
			runOnlyForDeploymentPostprocessing = 0;
		};
/* End PBXFrameworksBuildPhase section */

/* Begin PBXGroup section */
		60A697531F482A8C0000CF46 = {
			isa = PBXGroup;
			children = (
				60ACD8DF1F482C81005ED71A /* sushicore */,
				60A6975D1F482A8C0000CF46 /* Products */,
			);
			sourceTree = "<group>";
		};
		60A6975D1F482A8C0000CF46 /* Products */ = {
			isa = PBXGroup;
			children = (
				60A6975C1F482A8C0000CF46 /* libsushicoreios.a */,
			);
			name = Products;
			sourceTree = "<group>";
		};
		60ACD8DF1F482C81005ED71A /* sushicore */ = {
			isa = PBXGroup;
			children = (
				60ACD8E41F482C81005ED71A /* CoreObject.h */,
				60ACD8E31F482C81005ED71A /* FastFail.h */,
				60ACD8E51F482C81005ED71A /* Matrix.h */,
				60ACD8E61F482C81005ED71A /* PointerOwnership.h */,
				60ACD8E71F482C81005ED71A /* Rectangle.h */,
				60ACD8E81F482C81005ED71A /* Vector.h */,
				60ACD8E01F482C81005ED71A /* impl */,
			);
			name = sushicore;
			path = ../../../../sushi/sushicpp/sushicore/sushicore;
			sourceTree = "<group>";
		};
		60ACD8E01F482C81005ED71A /* impl */ = {
			isa = PBXGroup;
			children = (
				60ACD8E11F482C81005ED71A /* Rectangle.cpp */,
				60ACD8E21F482C81005ED71A /* FastFail.cpp */,
			);
			path = impl;
			sourceTree = "<group>";
		};
/* End PBXGroup section */

/* Begin PBXNativeTarget section */
		60A6975B1F482A8C0000CF46 /* sushicoreios */ = {
			isa = PBXNativeTarget;
			buildConfigurationList = 60A697651F482A8C0000CF46 /* Build configuration list for PBXNativeTarget "sushicoreios" */;
			buildPhases = (
				60A697581F482A8C0000CF46 /* Sources */,
				60A697591F482A8C0000CF46 /* Frameworks */,
				60A6975A1F482A8C0000CF46 /* CopyFiles */,
			);
			buildRules = (
			);
			dependencies = (
			);
			name = sushicoreios;
			productName = sushicoreios;
			productReference = 60A6975C1F482A8C0000CF46 /* libsushicoreios.a */;
			productType = "com.apple.product-type.library.static";
		};
/* End PBXNativeTarget section */

/* Begin PBXProject section */
		60A697541F482A8C0000CF46 /* Project object */ = {
			isa = PBXProject;
			attributes = {
				LastUpgradeCheck = 0900;
				ORGANIZATIONNAME = "Michael Ong";
				TargetAttributes = {
					60A6975B1F482A8C0000CF46 = {
						CreatedOnToolsVersion = 9.0;
					};
				};
			};
			buildConfigurationList = 60A697571F482A8C0000CF46 /* Build configuration list for PBXProject "sushicoreios" */;
			compatibilityVersion = "Xcode 8.0";
			developmentRegion = en;
			hasScannedForEncodings = 0;
			knownRegions = (
				en,
			);
			mainGroup = 60A697531F482A8C0000CF46;
			productRefGroup = 60A6975D1F482A8C0000CF46 /* Products */;
			projectDirPath = "";
			projectRoot = "";
			targets = (
				60A6975B1F482A8C0000CF46 /* sushicoreios */,
			);
		};
/* End PBXProject section */

/* Begin PBXSourcesBuildPhase section */
		60A697581F482A8C0000CF46 /* Sources */ = {
			isa = PBXSourcesBuildPhase;
			buildActionMask = 2147483647;
			files = (
				60ACD8E91F482C81005ED71A /* Rectangle.cpp in Sources */,
				60ACD8EA1F482C81005ED71A /* FastFail.cpp in Sources */,
			);
			runOnlyForDeploymentPostprocessing = 0;
		};
/* End PBXSourcesBuildPhase section */

/* Begin XCBuildConfiguration section */
		60A697631F482A8C0000CF46 /* Debug */ = {
			isa = XCBuildConfiguration;
			buildSettings = {
				ALWAYS_SEARCH_USER_PATHS = NO;
				CLANG_ANALYZER_NONNULL = YES;
				CLANG_ANALYZER_NUMBER_OBJECT_CONVERSION = YES_AGGRESSIVE;
				CLANG_CXX_LANGUAGE_STANDARD = "c++17";
				CLANG_ENABLE_MODULES = YES;
				CLANG_ENABLE_OBJC_ARC = YES;
				CLANG_WARN_BLOCK_CAPTURE_AUTORELEASING = YES;
				CLANG_WARN_BOOL_CONVERSION = YES;
				CLANG_WARN_COMMA = YES;
				CLANG_WARN_CONSTANT_CONVERSION = YES;
				CLANG_WARN_DIRECT_OBJC_ISA_USAGE = YES_ERROR;
				CLANG_WARN_DOCUMENTATION_COMMENTS = YES;
				CLANG_WARN_EMPTY_BODY = YES;
				CLANG_WARN_ENUM_CONVERSION = YES;
				CLANG_WARN_INFINITE_RECURSION = YES;
				CLANG_WARN_INT_CONVERSION = YES;
				CLANG_WARN_NON_LITERAL_NULL_CONVERSION = YES;
				CLANG_WARN_OBJC_LITERAL_CONVERSION = YES;
				CLANG_WARN_OBJC_ROOT_CLASS = YES_ERROR;
				CLANG_WARN_RANGE_LOOP_ANALYSIS = YES;
				CLANG_WARN_STRICT_PROTOTYPES = YES;
				CLANG_WARN_SUSPICIOUS_MOVE = YES;
				CLANG_WARN_UNGUARDED_AVAILABILITY = YES_AGGRESSIVE;
				CLANG_WARN_UNREACHABLE_CODE = YES;
				CLANG_WARN__DUPLICATE_METHOD_MATCH = YES;
				CODE_SIGN_IDENTITY = "iPhone Developer";
				COPY_PHASE_STRIP = NO;
				DEBUG_INFORMATION_FORMAT = dwarf;
				ENABLE_STRICT_OBJC_MSGSEND = YES;
				ENABLE_TESTABILITY = YES;
				GCC_C_LANGUAGE_STANDARD = gnu11;
				GCC_DYNAMIC_NO_PIC = NO;
				GCC_NO_COMMON_BLOCKS = YES;
				GCC_OPTIMIZATION_LEVEL = 0;
				GCC_PREPROCESSOR_DEFINITIONS = (
					"DEBUG=1",
					"$(inherited)",
				);
				GCC_WARN_64_TO_32_BIT_CONVERSION = YES;
				GCC_WARN_ABOUT_RETURN_TYPE = YES_ERROR;
				GCC_WARN_UNDECLARED_SELECTOR = YES;
				GCC_WARN_UNINITIALIZED_AUTOS = YES_AGGRESSIVE;
				GCC_WARN_UNUSED_FUNCTION = YES;
				GCC_WARN_UNUSED_VARIABLE = YES;
				HEADER_SEARCH_PATHS = ../../_deps/;
				IPHONEOS_DEPLOYMENT_TARGET = 11.0;
				MTL_ENABLE_DEBUG_INFO = YES;
				ONLY_ACTIVE_ARCH = YES;
				SDKROOT = iphoneos;
			};
			name = Debug;
		};
		60A697641F482A8C0000CF46 /* Release */ = {
			isa = XCBuildConfiguration;
			buildSettings = {
				ALWAYS_SEARCH_USER_PATHS = NO;
				CLANG_ANALYZER_NONNULL = YES;
				CLANG_ANALYZER_NUMBER_OBJECT_CONVERSION = YES_AGGRESSIVE;
				CLANG_CXX_LANGUAGE_STANDARD = "c++17";
				CLANG_ENABLE_MODULES = YES;
				CLANG_ENABLE_OBJC_ARC = YES;
				CLANG_WARN_BLOCK_CAPTURE_AUTORELEASING = YES;
				CLANG_WARN_BOOL_CONVERSION = YES;
				CLANG_WARN_COMMA = YES;
				CLANG_WARN_CONSTANT_CONVERSION = YES;
				CLANG_WARN_DIRECT_OBJC_ISA_USAGE = YES_ERROR;
				CLANG_WARN_DOCUMENTATION_COMMENTS = YES;
				CLANG_WARN_EMPTY_BODY = YES;
				CLANG_WARN_ENUM_CONVERSION = YES;
				CLANG_WARN_INFINITE_RECURSION = YES;
				CLANG_WARN_INT_CONVERSION = YES;
				CLANG_WARN_NON_LITERAL_NULL_CONVERSION = YES;
				CLANG_WARN_OBJC_LITERAL_CONVERSION = YES;
				CLANG_WARN_OBJC_ROOT_CLASS = YES_ERROR;
				CLANG_WARN_RANGE_LOOP_ANALYSIS = YES;
				CLANG_WARN_STRICT_PROTOTYPES = YES;
				CLANG_WARN_SUSPICIOUS_MOVE = YES;
				CLANG_WARN_UNGUARDED_AVAILABILITY = YES_AGGRESSIVE;
				CLANG_WARN_UNREACHABLE_CODE = YES;
				CLANG_WARN__DUPLICATE_METHOD_MATCH = YES;
				CODE_SIGN_IDENTITY = "iPhone Developer";
				COPY_PHASE_STRIP = NO;
				DEBUG_INFORMATION_FORMAT = "dwarf-with-dsym";
				ENABLE_NS_ASSERTIONS = NO;
				ENABLE_STRICT_OBJC_MSGSEND = YES;
				GCC_C_LANGUAGE_STANDARD = gnu11;
				GCC_NO_COMMON_BLOCKS = YES;
				GCC_WARN_64_TO_32_BIT_CONVERSION = YES;
				GCC_WARN_ABOUT_RETURN_TYPE = YES_ERROR;
				GCC_WARN_UNDECLARED_SELECTOR = YES;
				GCC_WARN_UNINITIALIZED_AUTOS = YES_AGGRESSIVE;
				GCC_WARN_UNUSED_FUNCTION = YES;
				GCC_WARN_UNUSED_VARIABLE = YES;
				HEADER_SEARCH_PATHS = ../../_deps/;
				IPHONEOS_DEPLOYMENT_TARGET = 11.0;
				MTL_ENABLE_DEBUG_INFO = NO;
				SDKROOT = iphoneos;
				VALIDATE_PRODUCT = YES;
			};
			name = Release;
		};
		60A697661F482A8C0000CF46 /* Debug */ = {
			isa = XCBuildConfiguration;
			buildSettings = {
				DEVELOPMENT_TEAM = FV49BGP2TT;
				OTHER_LDFLAGS = "-ObjC";
				PRODUCT_NAME = "$(TARGET_NAME)";
				SKIP_INSTALL = YES;
				TARGETED_DEVICE_FAMILY = "1,2";
			};
			name = Debug;
		};
		60A697671F482A8C0000CF46 /* Release */ = {
			isa = XCBuildConfiguration;
			buildSettings = {
				DEVELOPMENT_TEAM = FV49BGP2TT;
				OTHER_LDFLAGS = "-ObjC";
				PRODUCT_NAME = "$(TARGET_NAME)";
				SKIP_INSTALL = YES;
				TARGETED_DEVICE_FAMILY = "1,2";
			};
			name = Release;
		};
/* End XCBuildConfiguration section */

/* Begin XCConfigurationList section */
		60A697571F482A8C0000CF46 /* Build configuration list for PBXProject "sushicoreios" */ = {
			isa = XCConfigurationList;
			buildConfigurations = (
				60A697631F482A8C0000CF46 /* Debug */,
				60A697641F482A8C0000CF46 /* Release */,
			);
			defaultConfigurationIsVisible = 0;
			defaultConfigurationName = Release;
		};
		60A697651F482A8C0000CF46 /* Build configuration list for PBXNativeTarget "sushicoreios" */ = {
			isa = XCConfigurationList;
			buildConfigurations = (
				60A697661F482A8C0000CF46 /* Debug */,
				60A697671F482A8C0000CF46 /* Release */,
			);
			defaultConfigurationIsVisible = 0;
			defaultConfigurationName = Release;
		};
/* End XCConfigurationList section */
	};
	rootObject = 60A697541F482A8C0000CF46 /* Project object */;
}
