// !$*UTF8*$!
{
	archiveVersion = 1;
	classes = {
	};
	objectVersion = 46;
	objects = {

/* Begin PBXBuildFile section */
		6000083C1E0539CD00A0A94B /* AppDelegate.swift in Sources */ = {isa = PBXBuildFile; fileRef = 6000083B1E0539CD00A0A94B /* AppDelegate.swift */; };
		6000083E1E0539CD00A0A94B /* ViewController.swift in Sources */ = {isa = PBXBuildFile; fileRef = 6000083D1E0539CD00A0A94B /* ViewController.swift */; };
		600008411E0539CD00A0A94B /* Main.storyboard in Resources */ = {isa = PBXBuildFile; fileRef = 6000083F1E0539CD00A0A94B /* Main.storyboard */; };
		600008431E0539CD00A0A94B /* Assets.xcassets in Resources */ = {isa = PBXBuildFile; fileRef = 600008421E0539CD00A0A94B /* Assets.xcassets */; };
		600008461E0539CD00A0A94B /* LaunchScreen.storyboard in Resources */ = {isa = PBXBuildFile; fileRef = 600008441E0539CD00A0A94B /* LaunchScreen.storyboard */; };
		6000085E1E053A1200A0A94B /* RendererMetal.framework in Frameworks */ = {isa = PBXBuildFile; fileRef = 600008581E0539EF00A0A94B /* RendererMetal.framework */; };
		6000085F1E053A1200A0A94B /* RendererMetal.framework in Embed Frameworks */ = {isa = PBXBuildFile; fileRef = 600008581E0539EF00A0A94B /* RendererMetal.framework */; settings = {ATTRIBUTES = (CodeSignOnCopy, RemoveHeadersOnCopy, ); }; };
		600008621E053A1200A0A94B /* Renderer.framework in Frameworks */ = {isa = PBXBuildFile; fileRef = 600008521E0539E600A0A94B /* Renderer.framework */; };
		600008631E053A1200A0A94B /* Renderer.framework in Embed Frameworks */ = {isa = PBXBuildFile; fileRef = 600008521E0539E600A0A94B /* Renderer.framework */; settings = {ATTRIBUTES = (CodeSignOnCopy, RemoveHeadersOnCopy, ); }; };
/* End PBXBuildFile section */

/* Begin PBXContainerItemProxy section */
		600008511E0539E600A0A94B /* PBXContainerItemProxy */ = {
			isa = PBXContainerItemProxy;
			containerPortal = 6000084D1E0539E600A0A94B /* Renderer.xcodeproj */;
			proxyType = 2;
			remoteGlobalIDString = 600007EC1E0530C000A0A94B;
			remoteInfo = Renderer;
		};
		600008571E0539EF00A0A94B /* PBXContainerItemProxy */ = {
			isa = PBXContainerItemProxy;
			containerPortal = 600008531E0539EF00A0A94B /* RendererMetal.xcodeproj */;
			proxyType = 2;
			remoteGlobalIDString = 6000080D1E0533F000A0A94B;
			remoteInfo = RendererMetal;
		};
		6000085A1E053A0700A0A94B /* PBXContainerItemProxy */ = {
			isa = PBXContainerItemProxy;
			containerPortal = 600008531E0539EF00A0A94B /* RendererMetal.xcodeproj */;
			proxyType = 1;
			remoteGlobalIDString = 6000080C1E0533F000A0A94B;
			remoteInfo = RendererMetal;
		};
		6000085C1E053A0700A0A94B /* PBXContainerItemProxy */ = {
			isa = PBXContainerItemProxy;
			containerPortal = 6000084D1E0539E600A0A94B /* Renderer.xcodeproj */;
			proxyType = 1;
			remoteGlobalIDString = 600007EB1E0530C000A0A94B;
			remoteInfo = Renderer;
		};
		600008601E053A1200A0A94B /* PBXContainerItemProxy */ = {
			isa = PBXContainerItemProxy;
			containerPortal = 600008531E0539EF00A0A94B /* RendererMetal.xcodeproj */;
			proxyType = 1;
			remoteGlobalIDString = 6000080C1E0533F000A0A94B;
			remoteInfo = RendererMetal;
		};
		600008641E053A1200A0A94B /* PBXContainerItemProxy */ = {
			isa = PBXContainerItemProxy;
			containerPortal = 6000084D1E0539E600A0A94B /* Renderer.xcodeproj */;
			proxyType = 1;
			remoteGlobalIDString = 600007EB1E0530C000A0A94B;
			remoteInfo = Renderer;
		};
/* End PBXContainerItemProxy section */

/* Begin PBXCopyFilesBuildPhase section */
		600008661E053A1200A0A94B /* Embed Frameworks */ = {
			isa = PBXCopyFilesBuildPhase;
			buildActionMask = 2147483647;
			dstPath = "";
			dstSubfolderSpec = 10;
			files = (
				6000085F1E053A1200A0A94B /* RendererMetal.framework in Embed Frameworks */,
				600008631E053A1200A0A94B /* Renderer.framework in Embed Frameworks */,
			);
			name = "Embed Frameworks";
			runOnlyForDeploymentPostprocessing = 0;
		};
/* End PBXCopyFilesBuildPhase section */

/* Begin PBXFileReference section */
		600008381E0539CD00A0A94B /* RendererApp.app */ = {isa = PBXFileReference; explicitFileType = wrapper.application; includeInIndex = 0; path = RendererApp.app; sourceTree = BUILT_PRODUCTS_DIR; };
		6000083B1E0539CD00A0A94B /* AppDelegate.swift */ = {isa = PBXFileReference; lastKnownFileType = sourcecode.swift; path = AppDelegate.swift; sourceTree = "<group>"; };
		6000083D1E0539CD00A0A94B /* ViewController.swift */ = {isa = PBXFileReference; lastKnownFileType = sourcecode.swift; path = ViewController.swift; sourceTree = "<group>"; };
		600008401E0539CD00A0A94B /* Base */ = {isa = PBXFileReference; lastKnownFileType = file.storyboard; name = Base; path = Base.lproj/Main.storyboard; sourceTree = "<group>"; };
		600008421E0539CD00A0A94B /* Assets.xcassets */ = {isa = PBXFileReference; lastKnownFileType = folder.assetcatalog; path = Assets.xcassets; sourceTree = "<group>"; };
		600008451E0539CD00A0A94B /* Base */ = {isa = PBXFileReference; lastKnownFileType = file.storyboard; name = Base; path = Base.lproj/LaunchScreen.storyboard; sourceTree = "<group>"; };
		600008471E0539CD00A0A94B /* Info.plist */ = {isa = PBXFileReference; lastKnownFileType = text.plist.xml; path = Info.plist; sourceTree = "<group>"; };
		6000084D1E0539E600A0A94B /* Renderer.xcodeproj */ = {isa = PBXFileReference; lastKnownFileType = "wrapper.pb-project"; name = Renderer.xcodeproj; path = ../Renderer/Renderer.xcodeproj; sourceTree = "<group>"; };
		600008531E0539EF00A0A94B /* RendererMetal.xcodeproj */ = {isa = PBXFileReference; lastKnownFileType = "wrapper.pb-project"; name = RendererMetal.xcodeproj; path = ../RendererMetal/RendererMetal.xcodeproj; sourceTree = "<group>"; };
/* End PBXFileReference section */

/* Begin PBXFrameworksBuildPhase section */
		600008351E0539CD00A0A94B /* Frameworks */ = {
			isa = PBXFrameworksBuildPhase;
			buildActionMask = 2147483647;
			files = (
				6000085E1E053A1200A0A94B /* RendererMetal.framework in Frameworks */,
				600008621E053A1200A0A94B /* Renderer.framework in Frameworks */,
			);
			runOnlyForDeploymentPostprocessing = 0;
		};
/* End PBXFrameworksBuildPhase section */

/* Begin PBXGroup section */
		6000082F1E0539CD00A0A94B = {
			isa = PBXGroup;
			children = (
				600008591E0539F100A0A94B /* Dependencies */,
				6000083A1E0539CD00A0A94B /* RendererApp */,
				600008391E0539CD00A0A94B /* Products */,
			);
			sourceTree = "<group>";
		};
		600008391E0539CD00A0A94B /* Products */ = {
			isa = PBXGroup;
			children = (
				600008381E0539CD00A0A94B /* RendererApp.app */,
			);
			name = Products;
			sourceTree = "<group>";
		};
		6000083A1E0539CD00A0A94B /* RendererApp */ = {
			isa = PBXGroup;
			children = (
				6000083B1E0539CD00A0A94B /* AppDelegate.swift */,
				6000083D1E0539CD00A0A94B /* ViewController.swift */,
				6000083F1E0539CD00A0A94B /* Main.storyboard */,
				600008421E0539CD00A0A94B /* Assets.xcassets */,
				600008441E0539CD00A0A94B /* LaunchScreen.storyboard */,
				600008471E0539CD00A0A94B /* Info.plist */,
			);
			path = RendererApp;
			sourceTree = "<group>";
		};
		6000084E1E0539E600A0A94B /* Products */ = {
			isa = PBXGroup;
			children = (
				600008521E0539E600A0A94B /* Renderer.framework */,
			);
			name = Products;
			sourceTree = "<group>";
		};
		600008541E0539EF00A0A94B /* Products */ = {
			isa = PBXGroup;
			children = (
				600008581E0539EF00A0A94B /* RendererMetal.framework */,
			);
			name = Products;
			sourceTree = "<group>";
		};
		600008591E0539F100A0A94B /* Dependencies */ = {
			isa = PBXGroup;
			children = (
				600008531E0539EF00A0A94B /* RendererMetal.xcodeproj */,
				6000084D1E0539E600A0A94B /* Renderer.xcodeproj */,
			);
			name = Dependencies;
			sourceTree = "<group>";
		};
/* End PBXGroup section */

/* Begin PBXNativeTarget section */
		600008371E0539CD00A0A94B /* RendererApp */ = {
			isa = PBXNativeTarget;
			buildConfigurationList = 6000084A1E0539CD00A0A94B /* Build configuration list for PBXNativeTarget "RendererApp" */;
			buildPhases = (
				600008341E0539CD00A0A94B /* Sources */,
				600008351E0539CD00A0A94B /* Frameworks */,
				600008361E0539CD00A0A94B /* Resources */,
				600008661E053A1200A0A94B /* Embed Frameworks */,
			);
			buildRules = (
			);
			dependencies = (
				6000085B1E053A0700A0A94B /* PBXTargetDependency */,
				6000085D1E053A0700A0A94B /* PBXTargetDependency */,
				600008611E053A1200A0A94B /* PBXTargetDependency */,
				600008651E053A1200A0A94B /* PBXTargetDependency */,
			);
			name = RendererApp;
			productName = RendererApp;
			productReference = 600008381E0539CD00A0A94B /* RendererApp.app */;
			productType = "com.apple.product-type.application";
		};
/* End PBXNativeTarget section */

/* Begin PBXProject section */
		600008301E0539CD00A0A94B /* Project object */ = {
			isa = PBXProject;
			attributes = {
				LastSwiftUpdateCheck = 0820;
				LastUpgradeCheck = 0820;
				ORGANIZATIONNAME = "Michael Ong";
				TargetAttributes = {
					600008371E0539CD00A0A94B = {
						CreatedOnToolsVersion = 8.2;
						DevelopmentTeam = TG58H7F57C;
						ProvisioningStyle = Automatic;
					};
				};
			};
			buildConfigurationList = 600008331E0539CD00A0A94B /* Build configuration list for PBXProject "RendererApp" */;
			compatibilityVersion = "Xcode 3.2";
			developmentRegion = English;
			hasScannedForEncodings = 0;
			knownRegions = (
				en,
				Base,
			);
			mainGroup = 6000082F1E0539CD00A0A94B;
			productRefGroup = 600008391E0539CD00A0A94B /* Products */;
			projectDirPath = "";
			projectReferences = (
				{
					ProductGroup = 6000084E1E0539E600A0A94B /* Products */;
					ProjectRef = 6000084D1E0539E600A0A94B /* Renderer.xcodeproj */;
				},
				{
					ProductGroup = 600008541E0539EF00A0A94B /* Products */;
					ProjectRef = 600008531E0539EF00A0A94B /* RendererMetal.xcodeproj */;
				},
			);
			projectRoot = "";
			targets = (
				600008371E0539CD00A0A94B /* RendererApp */,
			);
		};
/* End PBXProject section */

/* Begin PBXReferenceProxy section */
		600008521E0539E600A0A94B /* Renderer.framework */ = {
			isa = PBXReferenceProxy;
			fileType = wrapper.framework;
			path = Renderer.framework;
			remoteRef = 600008511E0539E600A0A94B /* PBXContainerItemProxy */;
			sourceTree = BUILT_PRODUCTS_DIR;
		};
		600008581E0539EF00A0A94B /* RendererMetal.framework */ = {
			isa = PBXReferenceProxy;
			fileType = wrapper.framework;
			path = RendererMetal.framework;
			remoteRef = 600008571E0539EF00A0A94B /* PBXContainerItemProxy */;
			sourceTree = BUILT_PRODUCTS_DIR;
		};
/* End PBXReferenceProxy section */

/* Begin PBXResourcesBuildPhase section */
		600008361E0539CD00A0A94B /* Resources */ = {
			isa = PBXResourcesBuildPhase;
			buildActionMask = 2147483647;
			files = (
				600008461E0539CD00A0A94B /* LaunchScreen.storyboard in Resources */,
				600008431E0539CD00A0A94B /* Assets.xcassets in Resources */,
				600008411E0539CD00A0A94B /* Main.storyboard in Resources */,
			);
			runOnlyForDeploymentPostprocessing = 0;
		};
/* End PBXResourcesBuildPhase section */

/* Begin PBXSourcesBuildPhase section */
		600008341E0539CD00A0A94B /* Sources */ = {
			isa = PBXSourcesBuildPhase;
			buildActionMask = 2147483647;
			files = (
				6000083E1E0539CD00A0A94B /* ViewController.swift in Sources */,
				6000083C1E0539CD00A0A94B /* AppDelegate.swift in Sources */,
			);
			runOnlyForDeploymentPostprocessing = 0;
		};
/* End PBXSourcesBuildPhase section */

/* Begin PBXTargetDependency section */
		6000085B1E053A0700A0A94B /* PBXTargetDependency */ = {
			isa = PBXTargetDependency;
			name = RendererMetal;
			targetProxy = 6000085A1E053A0700A0A94B /* PBXContainerItemProxy */;
		};
		6000085D1E053A0700A0A94B /* PBXTargetDependency */ = {
			isa = PBXTargetDependency;
			name = Renderer;
			targetProxy = 6000085C1E053A0700A0A94B /* PBXContainerItemProxy */;
		};
		600008611E053A1200A0A94B /* PBXTargetDependency */ = {
			isa = PBXTargetDependency;
			name = RendererMetal;
			targetProxy = 600008601E053A1200A0A94B /* PBXContainerItemProxy */;
		};
		600008651E053A1200A0A94B /* PBXTargetDependency */ = {
			isa = PBXTargetDependency;
			name = Renderer;
			targetProxy = 600008641E053A1200A0A94B /* PBXContainerItemProxy */;
		};
/* End PBXTargetDependency section */

/* Begin PBXVariantGroup section */
		6000083F1E0539CD00A0A94B /* Main.storyboard */ = {
			isa = PBXVariantGroup;
			children = (
				600008401E0539CD00A0A94B /* Base */,
			);
			name = Main.storyboard;
			sourceTree = "<group>";
		};
		600008441E0539CD00A0A94B /* LaunchScreen.storyboard */ = {
			isa = PBXVariantGroup;
			children = (
				600008451E0539CD00A0A94B /* Base */,
			);
			name = LaunchScreen.storyboard;
			sourceTree = "<group>";
		};
/* End PBXVariantGroup section */

/* Begin XCBuildConfiguration section */
		600008481E0539CD00A0A94B /* Debug */ = {
			isa = XCBuildConfiguration;
			buildSettings = {
				ALWAYS_SEARCH_USER_PATHS = NO;
				CLANG_ANALYZER_NONNULL = YES;
				CLANG_CXX_LANGUAGE_STANDARD = "gnu++0x";
				CLANG_CXX_LIBRARY = "libc++";
				CLANG_ENABLE_MODULES = YES;
				CLANG_ENABLE_OBJC_ARC = YES;
				CLANG_WARN_BOOL_CONVERSION = YES;
				CLANG_WARN_CONSTANT_CONVERSION = YES;
				CLANG_WARN_DIRECT_OBJC_ISA_USAGE = YES_ERROR;
				CLANG_WARN_DOCUMENTATION_COMMENTS = YES;
				CLANG_WARN_EMPTY_BODY = YES;
				CLANG_WARN_ENUM_CONVERSION = YES;
				CLANG_WARN_INFINITE_RECURSION = YES;
				CLANG_WARN_INT_CONVERSION = YES;
				CLANG_WARN_OBJC_ROOT_CLASS = YES_ERROR;
				CLANG_WARN_SUSPICIOUS_MOVE = YES;
				CLANG_WARN_UNREACHABLE_CODE = YES;
				CLANG_WARN__DUPLICATE_METHOD_MATCH = YES;
				"CODE_SIGN_IDENTITY[sdk=iphoneos*]" = "iPhone Developer";
				COPY_PHASE_STRIP = NO;
				DEBUG_INFORMATION_FORMAT = dwarf;
				ENABLE_STRICT_OBJC_MSGSEND = YES;
				ENABLE_TESTABILITY = YES;
				GCC_C_LANGUAGE_STANDARD = gnu99;
				GCC_DYNAMIC_NO_PIC = NO;
				GCC_NO_COMMON_BLOCKS = YES;
				GCC_OPTIMIZATION_LEVEL = 0;
				GCC_PREPROCESSOR_DEFINITIONS = (
					"DEBUG=1",
					"$(inherited)",
				);
				GCC_WARN_64_TO_32_BIT_CONVERSION = YES;
				GCC_WARN_ABOUT_RETURN_TYPE = YES_ERROR;
				GCC_WARN_UNDECLARED_SELECTOR = YES;
				GCC_WARN_UNINITIALIZED_AUTOS = YES_AGGRESSIVE;
				GCC_WARN_UNUSED_FUNCTION = YES;
				GCC_WARN_UNUSED_VARIABLE = YES;
				IPHONEOS_DEPLOYMENT_TARGET = 10.2;
				MTL_ENABLE_DEBUG_INFO = YES;
				ONLY_ACTIVE_ARCH = YES;
				SDKROOT = iphoneos;
				SWIFT_ACTIVE_COMPILATION_CONDITIONS = DEBUG;
				SWIFT_OPTIMIZATION_LEVEL = "-Onone";
				TARGETED_DEVICE_FAMILY = "1,2";
			};
			name = Debug;
		};
		600008491E0539CD00A0A94B /* Release */ = {
			isa = XCBuildConfiguration;
			buildSettings = {
				ALWAYS_SEARCH_USER_PATHS = NO;
				CLANG_ANALYZER_NONNULL = YES;
				CLANG_CXX_LANGUAGE_STANDARD = "gnu++0x";
				CLANG_CXX_LIBRARY = "libc++";
				CLANG_ENABLE_MODULES = YES;
				CLANG_ENABLE_OBJC_ARC = YES;
				CLANG_WARN_BOOL_CONVERSION = YES;
				CLANG_WARN_CONSTANT_CONVERSION = YES;
				CLANG_WARN_DIRECT_OBJC_ISA_USAGE = YES_ERROR;
				CLANG_WARN_DOCUMENTATION_COMMENTS = YES;
				CLANG_WARN_EMPTY_BODY = YES;
				CLANG_WARN_ENUM_CONVERSION = YES;
				CLANG_WARN_INFINITE_RECURSION = YES;
				CLANG_WARN_INT_CONVERSION = YES;
				CLANG_WARN_OBJC_ROOT_CLASS = YES_ERROR;
				CLANG_WARN_SUSPICIOUS_MOVE = YES;
				CLANG_WARN_UNREACHABLE_CODE = YES;
				CLANG_WARN__DUPLICATE_METHOD_MATCH = YES;
				"CODE_SIGN_IDENTITY[sdk=iphoneos*]" = "iPhone Developer";
				COPY_PHASE_STRIP = NO;
				DEBUG_INFORMATION_FORMAT = "dwarf-with-dsym";
				ENABLE_NS_ASSERTIONS = NO;
				ENABLE_STRICT_OBJC_MSGSEND = YES;
				GCC_C_LANGUAGE_STANDARD = gnu99;
				GCC_NO_COMMON_BLOCKS = YES;
				GCC_WARN_64_TO_32_BIT_CONVERSION = YES;
				GCC_WARN_ABOUT_RETURN_TYPE = YES_ERROR;
				GCC_WARN_UNDECLARED_SELECTOR = YES;
				GCC_WARN_UNINITIALIZED_AUTOS = YES_AGGRESSIVE;
				GCC_WARN_UNUSED_FUNCTION = YES;
				GCC_WARN_UNUSED_VARIABLE = YES;
				IPHONEOS_DEPLOYMENT_TARGET = 10.2;
				MTL_ENABLE_DEBUG_INFO = NO;
				SDKROOT = iphoneos;
				SWIFT_OPTIMIZATION_LEVEL = "-Owholemodule";
				TARGETED_DEVICE_FAMILY = "1,2";
				VALIDATE_PRODUCT = YES;
			};
			name = Release;
		};
		6000084B1E0539CD00A0A94B /* Debug */ = {
			isa = XCBuildConfiguration;
			buildSettings = {
				ALWAYS_EMBED_SWIFT_STANDARD_LIBRARIES = YES;
				ASSETCATALOG_COMPILER_APPICON_NAME = AppIcon;
				DEVELOPMENT_TEAM = TG58H7F57C;
				INFOPLIST_FILE = RendererApp/Info.plist;
				LD_RUNPATH_SEARCH_PATHS = "$(inherited) @executable_path/Frameworks";
				PRODUCT_BUNDLE_IDENTIFIER = ranting.mong.RendererApp;
				PRODUCT_NAME = "$(TARGET_NAME)";
				SWIFT_VERSION = 3.0;
			};
			name = Debug;
		};
		6000084C1E0539CD00A0A94B /* Release */ = {
			isa = XCBuildConfiguration;
			buildSettings = {
				ALWAYS_EMBED_SWIFT_STANDARD_LIBRARIES = YES;
				ASSETCATALOG_COMPILER_APPICON_NAME = AppIcon;
				DEVELOPMENT_TEAM = TG58H7F57C;
				INFOPLIST_FILE = RendererApp/Info.plist;
				LD_RUNPATH_SEARCH_PATHS = "$(inherited) @executable_path/Frameworks";
				PRODUCT_BUNDLE_IDENTIFIER = ranting.mong.RendererApp;
				PRODUCT_NAME = "$(TARGET_NAME)";
				SWIFT_VERSION = 3.0;
			};
			name = Release;
		};
/* End XCBuildConfiguration section */

/* Begin XCConfigurationList section */
		600008331E0539CD00A0A94B /* Build configuration list for PBXProject "RendererApp" */ = {
			isa = XCConfigurationList;
			buildConfigurations = (
				600008481E0539CD00A0A94B /* Debug */,
				600008491E0539CD00A0A94B /* Release */,
			);
			defaultConfigurationIsVisible = 0;
			defaultConfigurationName = Release;
		};
		6000084A1E0539CD00A0A94B /* Build configuration list for PBXNativeTarget "RendererApp" */ = {
			isa = XCConfigurationList;
			buildConfigurations = (
				6000084B1E0539CD00A0A94B /* Debug */,
				6000084C1E0539CD00A0A94B /* Release */,
			);
			defaultConfigurationIsVisible = 0;
			defaultConfigurationName = Release;
		};
/* End XCConfigurationList section */
	};
	rootObject = 600008301E0539CD00A0A94B /* Project object */;
}
