// !$*UTF8*$!
{
	archiveVersion = 1;
	classes = {
	};
	objectVersion = 46;
	objects = {

/* Begin PBXBuildFile section */
		191D89FE534F9E0AE5AB051F /* AppLogic.mm in Sources */ = {isa = PBXBuildFile; fileRef = 191D86D9654702CAFC3BE607 /* AppLogic.mm */; };
		604F7A861ECFF5C0006857BC /* libsushi_app.a in Frameworks */ = {isa = PBXBuildFile; fileRef = 606A0BC41ECE033E007776CE /* libsushi_app.a */; };
		604F7A871ECFF5C0006857BC /* libsushi_wnd.a in Frameworks */ = {isa = PBXBuildFile; fileRef = 606A0BCB1ECE033E007776CE /* libsushi_wnd.a */; };
		604F7A881ECFF5C0006857BC /* SushiDriver.framework in Frameworks */ = {isa = PBXBuildFile; fileRef = 606A0BCE1ECE033E007776CE /* SushiDriver.framework */; };
		609D42981ECE027500516D51 /* main.m in Sources */ = {isa = PBXBuildFile; fileRef = 609D42971ECE027500516D51 /* main.m */; };
		609D429B1ECE027500516D51 /* AppDelegate.mm in Sources */ = {isa = PBXBuildFile; fileRef = 609D429A1ECE027500516D51 /* AppDelegate.mm */; };
		609D42A31ECE027500516D51 /* Assets.xcassets in Resources */ = {isa = PBXBuildFile; fileRef = 609D42A21ECE027500516D51 /* Assets.xcassets */; };
		609D42A61ECE027500516D51 /* LaunchScreen.storyboard in Resources */ = {isa = PBXBuildFile; fileRef = 609D42A41ECE027500516D51 /* LaunchScreen.storyboard */; };
		60EE6C7B1ECE0EC400CD3DCE /* CoreFoundation.framework in Frameworks */ = {isa = PBXBuildFile; fileRef = 60EE6C7A1ECE0EC400CD3DCE /* CoreFoundation.framework */; };
		60EE6C831ECE0EC800CD3DCE /* UIKit.framework in Frameworks */ = {isa = PBXBuildFile; fileRef = 60EE6C821ECE0EC800CD3DCE /* UIKit.framework */; };
/* End PBXBuildFile section */

/* Begin PBXContainerItemProxy section */
		606A0BC31ECE033E007776CE /* PBXContainerItemProxy */ = {
			isa = PBXContainerItemProxy;
			containerPortal = 606A0BB41ECE033E007776CE /* sushi_application.xcodeproj */;
			proxyType = 2;
			remoteGlobalIDString = 807A3CCBC8CA4716BDC66387;
			remoteInfo = sushi_app;
		};
		606A0BCA1ECE033E007776CE /* PBXContainerItemProxy */ = {
			isa = PBXContainerItemProxy;
			containerPortal = 606A0BBA1ECE033E007776CE /* sushi_window.xcodeproj */;
			proxyType = 2;
			remoteGlobalIDString = 5D5C1BCD8DAD4EF5ADE51161;
			remoteInfo = sushi_wnd;
		};
		606A0BCD1ECE033E007776CE /* PBXContainerItemProxy */ = {
			isa = PBXContainerItemProxy;
			containerPortal = 606A0BBD1ECE033E007776CE /* SushiDriver.xcodeproj */;
			proxyType = 2;
			remoteGlobalIDString = 609D42B71ECE029400516D51;
			remoteInfo = SushiDriver;
		};
		606A0BCF1ECE0362007776CE /* PBXContainerItemProxy */ = {
			isa = PBXContainerItemProxy;
			containerPortal = 606A0BB41ECE033E007776CE /* sushi_application.xcodeproj */;
			proxyType = 1;
			remoteGlobalIDString = F53DE374BA93471985F7D450;
			remoteInfo = sushi_app;
		};
		606A0BD11ECE0362007776CE /* PBXContainerItemProxy */ = {
			isa = PBXContainerItemProxy;
			containerPortal = 606A0BBA1ECE033E007776CE /* sushi_window.xcodeproj */;
			proxyType = 1;
			remoteGlobalIDString = E6CB37860BAA4563971A6E4A;
			remoteInfo = sushi_wnd;
		};
		606A0BD31ECE0362007776CE /* PBXContainerItemProxy */ = {
			isa = PBXContainerItemProxy;
			containerPortal = 606A0BBD1ECE033E007776CE /* SushiDriver.xcodeproj */;
			proxyType = 1;
			remoteGlobalIDString = 604F7A721ECFF55B006857BC;
			remoteInfo = SushiDriver;
		};
/* End PBXContainerItemProxy section */

/* Begin PBXFileReference section */
		191D86D9654702CAFC3BE607 /* AppLogic.mm */ = {isa = PBXFileReference; fileEncoding = 4; lastKnownFileType = sourcecode.cpp.objcpp; path = AppLogic.mm; sourceTree = "<group>"; };
		191D8F016760F601958B3177 /* AppLogic.h */ = {isa = PBXFileReference; fileEncoding = 4; lastKnownFileType = sourcecode.c.h; path = AppLogic.h; sourceTree = "<group>"; };
		606A0BB41ECE033E007776CE /* sushi_application.xcodeproj */ = {isa = PBXFileReference; lastKnownFileType = "wrapper.pb-project"; name = sushi_application.xcodeproj; path = ../sushi/su_app/sushi_application.xcodeproj; sourceTree = "<group>"; };
		606A0BB71ECE033E007776CE /* sushi_core.xcodeproj */ = {isa = PBXFileReference; lastKnownFileType = "wrapper.pb-project"; name = sushi_core.xcodeproj; path = ../sushi/su_core/sushi_core.xcodeproj; sourceTree = "<group>"; };
		606A0BBA1ECE033E007776CE /* sushi_window.xcodeproj */ = {isa = PBXFileReference; lastKnownFileType = "wrapper.pb-project"; name = sushi_window.xcodeproj; path = ../sushi/su_wnd/sushi_window.xcodeproj; sourceTree = "<group>"; };
		606A0BBD1ECE033E007776CE /* SushiDriver.xcodeproj */ = {isa = PBXFileReference; lastKnownFileType = "wrapper.pb-project"; name = SushiDriver.xcodeproj; path = ../SushiDriver/SushiDriver.xcodeproj; sourceTree = "<group>"; };
		609D42931ECE027500516D51 /* SushiApp.app */ = {isa = PBXFileReference; explicitFileType = wrapper.application; includeInIndex = 0; path = SushiApp.app; sourceTree = BUILT_PRODUCTS_DIR; };
		609D42971ECE027500516D51 /* main.m */ = {isa = PBXFileReference; lastKnownFileType = sourcecode.c.objc; path = main.m; sourceTree = "<group>"; };
		609D42991ECE027500516D51 /* AppDelegate.h */ = {isa = PBXFileReference; lastKnownFileType = sourcecode.c.h; path = AppDelegate.h; sourceTree = "<group>"; };
		609D429A1ECE027500516D51 /* AppDelegate.mm */ = {isa = PBXFileReference; lastKnownFileType = sourcecode.cpp.objcpp; path = AppDelegate.mm; sourceTree = "<group>"; };
		609D42A21ECE027500516D51 /* Assets.xcassets */ = {isa = PBXFileReference; lastKnownFileType = folder.assetcatalog; path = Assets.xcassets; sourceTree = "<group>"; };
		609D42A51ECE027500516D51 /* Base */ = {isa = PBXFileReference; lastKnownFileType = file.storyboard; name = Base; path = Base.lproj/LaunchScreen.storyboard; sourceTree = "<group>"; };
		609D42A71ECE027500516D51 /* Info.plist */ = {isa = PBXFileReference; lastKnownFileType = text.plist.xml; path = Info.plist; sourceTree = "<group>"; };
		60EE6C7A1ECE0EC400CD3DCE /* CoreFoundation.framework */ = {isa = PBXFileReference; lastKnownFileType = wrapper.framework; name = CoreFoundation.framework; path = System/Library/Frameworks/CoreFoundation.framework; sourceTree = SDKROOT; };
		60EE6C821ECE0EC800CD3DCE /* UIKit.framework */ = {isa = PBXFileReference; lastKnownFileType = wrapper.framework; name = UIKit.framework; path = System/Library/Frameworks/UIKit.framework; sourceTree = SDKROOT; };
/* End PBXFileReference section */

/* Begin PBXFrameworksBuildPhase section */
		609D42901ECE027500516D51 /* Frameworks */ = {
			isa = PBXFrameworksBuildPhase;
			buildActionMask = 2147483647;
			files = (
				604F7A861ECFF5C0006857BC /* libsushi_app.a in Frameworks */,
				604F7A871ECFF5C0006857BC /* libsushi_wnd.a in Frameworks */,
				604F7A881ECFF5C0006857BC /* SushiDriver.framework in Frameworks */,
				60EE6C831ECE0EC800CD3DCE /* UIKit.framework in Frameworks */,
				60EE6C7B1ECE0EC400CD3DCE /* CoreFoundation.framework in Frameworks */,
			);
			runOnlyForDeploymentPostprocessing = 0;
		};
/* End PBXFrameworksBuildPhase section */

/* Begin PBXGroup section */
		606A0BB31ECE032D007776CE /* Dependencies */ = {
			isa = PBXGroup;
			children = (
				606A0BB41ECE033E007776CE /* sushi_application.xcodeproj */,
				606A0BB71ECE033E007776CE /* sushi_core.xcodeproj */,
				606A0BBA1ECE033E007776CE /* sushi_window.xcodeproj */,
				606A0BBD1ECE033E007776CE /* SushiDriver.xcodeproj */,
			);
			name = Dependencies;
			sourceTree = "<group>";
		};
		606A0BB51ECE033E007776CE /* Products */ = {
			isa = PBXGroup;
			children = (
				606A0BC41ECE033E007776CE /* libsushi_app.a */,
			);
			name = Products;
			sourceTree = "<group>";
		};
		606A0BB81ECE033E007776CE /* Products */ = {
			isa = PBXGroup;
			children = (
			);
			name = Products;
			sourceTree = "<group>";
		};
		606A0BBB1ECE033E007776CE /* Products */ = {
			isa = PBXGroup;
			children = (
				606A0BCB1ECE033E007776CE /* libsushi_wnd.a */,
			);
			name = Products;
			sourceTree = "<group>";
		};
		606A0BBE1ECE033E007776CE /* Products */ = {
			isa = PBXGroup;
			children = (
				606A0BCE1ECE033E007776CE /* SushiDriver.framework */,
			);
			name = Products;
			sourceTree = "<group>";
		};
		609D428A1ECE027500516D51 = {
			isa = PBXGroup;
			children = (
				606A0BB31ECE032D007776CE /* Dependencies */,
				609D42951ECE027500516D51 /* SushiApp */,
				609D42941ECE027500516D51 /* Products */,
				60EE6C791ECE0EC300CD3DCE /* Frameworks */,
			);
			sourceTree = "<group>";
		};
		609D42941ECE027500516D51 /* Products */ = {
			isa = PBXGroup;
			children = (
				609D42931ECE027500516D51 /* SushiApp.app */,
			);
			name = Products;
			sourceTree = "<group>";
		};
		609D42951ECE027500516D51 /* SushiApp */ = {
			isa = PBXGroup;
			children = (
				609D42991ECE027500516D51 /* AppDelegate.h */,
				609D429A1ECE027500516D51 /* AppDelegate.mm */,
				609D42A21ECE027500516D51 /* Assets.xcassets */,
				609D42A41ECE027500516D51 /* LaunchScreen.storyboard */,
				609D42A71ECE027500516D51 /* Info.plist */,
				609D42961ECE027500516D51 /* Supporting Files */,
				191D86D9654702CAFC3BE607 /* AppLogic.mm */,
				191D8F016760F601958B3177 /* AppLogic.h */,
			);
			path = SushiApp;
			sourceTree = "<group>";
		};
		609D42961ECE027500516D51 /* Supporting Files */ = {
			isa = PBXGroup;
			children = (
				609D42971ECE027500516D51 /* main.m */,
			);
			name = "Supporting Files";
			sourceTree = "<group>";
		};
		60EE6C791ECE0EC300CD3DCE /* Frameworks */ = {
			isa = PBXGroup;
			children = (
				60EE6C821ECE0EC800CD3DCE /* UIKit.framework */,
				60EE6C7A1ECE0EC400CD3DCE /* CoreFoundation.framework */,
			);
			name = Frameworks;
			sourceTree = "<group>";
		};
/* End PBXGroup section */

/* Begin PBXNativeTarget section */
		609D42921ECE027500516D51 /* SushiApp */ = {
			isa = PBXNativeTarget;
			buildConfigurationList = 609D42AA1ECE027500516D51 /* Build configuration list for PBXNativeTarget "SushiApp" */;
			buildPhases = (
				609D428F1ECE027500516D51 /* Sources */,
				609D42901ECE027500516D51 /* Frameworks */,
				609D42911ECE027500516D51 /* Resources */,
			);
			buildRules = (
			);
			dependencies = (
				606A0BD01ECE0362007776CE /* PBXTargetDependency */,
				606A0BD21ECE0362007776CE /* PBXTargetDependency */,
				606A0BD41ECE0362007776CE /* PBXTargetDependency */,
			);
			name = SushiApp;
			productName = SushiApp;
			productReference = 609D42931ECE027500516D51 /* SushiApp.app */;
			productType = "com.apple.product-type.application";
		};
/* End PBXNativeTarget section */

/* Begin PBXProject section */
		609D428B1ECE027500516D51 /* Project object */ = {
			isa = PBXProject;
			attributes = {
				LastUpgradeCheck = 0830;
				ORGANIZATIONNAME = "Michael Ong";
				TargetAttributes = {
					609D42921ECE027500516D51 = {
						CreatedOnToolsVersion = 8.3.2;
						DevelopmentTeam = FV49BGP2TT;
						ProvisioningStyle = Automatic;
					};
				};
			};
			buildConfigurationList = 609D428E1ECE027500516D51 /* Build configuration list for PBXProject "SushiApp" */;
			compatibilityVersion = "Xcode 3.2";
			developmentRegion = English;
			hasScannedForEncodings = 0;
			knownRegions = (
				en,
				Base,
			);
			mainGroup = 609D428A1ECE027500516D51;
			productRefGroup = 609D42941ECE027500516D51 /* Products */;
			projectDirPath = "";
			projectReferences = (
				{
					ProductGroup = 606A0BB51ECE033E007776CE /* Products */;
					ProjectRef = 606A0BB41ECE033E007776CE /* sushi_application.xcodeproj */;
				},
				{
					ProductGroup = 606A0BB81ECE033E007776CE /* Products */;
					ProjectRef = 606A0BB71ECE033E007776CE /* sushi_core.xcodeproj */;
				},
				{
					ProductGroup = 606A0BBB1ECE033E007776CE /* Products */;
					ProjectRef = 606A0BBA1ECE033E007776CE /* sushi_window.xcodeproj */;
				},
				{
					ProductGroup = 606A0BBE1ECE033E007776CE /* Products */;
					ProjectRef = 606A0BBD1ECE033E007776CE /* SushiDriver.xcodeproj */;
				},
			);
			projectRoot = "";
			targets = (
				609D42921ECE027500516D51 /* SushiApp */,
			);
		};
/* End PBXProject section */

/* Begin PBXReferenceProxy section */
		606A0BC41ECE033E007776CE /* libsushi_app.a */ = {
			isa = PBXReferenceProxy;
			fileType = archive.ar;
			path = libsushi_app.a;
			remoteRef = 606A0BC31ECE033E007776CE /* PBXContainerItemProxy */;
			sourceTree = BUILT_PRODUCTS_DIR;
		};
		606A0BCB1ECE033E007776CE /* libsushi_wnd.a */ = {
			isa = PBXReferenceProxy;
			fileType = archive.ar;
			path = libsushi_wnd.a;
			remoteRef = 606A0BCA1ECE033E007776CE /* PBXContainerItemProxy */;
			sourceTree = BUILT_PRODUCTS_DIR;
		};
		606A0BCE1ECE033E007776CE /* SushiDriver.framework */ = {
			isa = PBXReferenceProxy;
			fileType = wrapper.framework;
			path = SushiDriver.framework;
			remoteRef = 606A0BCD1ECE033E007776CE /* PBXContainerItemProxy */;
			sourceTree = BUILT_PRODUCTS_DIR;
		};
/* End PBXReferenceProxy section */

/* Begin PBXResourcesBuildPhase section */
		609D42911ECE027500516D51 /* Resources */ = {
			isa = PBXResourcesBuildPhase;
			buildActionMask = 2147483647;
			files = (
				609D42A61ECE027500516D51 /* LaunchScreen.storyboard in Resources */,
				609D42A31ECE027500516D51 /* Assets.xcassets in Resources */,
			);
			runOnlyForDeploymentPostprocessing = 0;
		};
/* End PBXResourcesBuildPhase section */

/* Begin PBXSourcesBuildPhase section */
		609D428F1ECE027500516D51 /* Sources */ = {
			isa = PBXSourcesBuildPhase;
			buildActionMask = 2147483647;
			files = (
				609D429B1ECE027500516D51 /* AppDelegate.mm in Sources */,
				609D42981ECE027500516D51 /* main.m in Sources */,
				191D89FE534F9E0AE5AB051F /* AppLogic.mm in Sources */,
			);
			runOnlyForDeploymentPostprocessing = 0;
		};
/* End PBXSourcesBuildPhase section */

/* Begin PBXTargetDependency section */
		606A0BD01ECE0362007776CE /* PBXTargetDependency */ = {
			isa = PBXTargetDependency;
			name = sushi_app;
			targetProxy = 606A0BCF1ECE0362007776CE /* PBXContainerItemProxy */;
		};
		606A0BD21ECE0362007776CE /* PBXTargetDependency */ = {
			isa = PBXTargetDependency;
			name = sushi_wnd;
			targetProxy = 606A0BD11ECE0362007776CE /* PBXContainerItemProxy */;
		};
		606A0BD41ECE0362007776CE /* PBXTargetDependency */ = {
			isa = PBXTargetDependency;
			name = SushiDriver;
			targetProxy = 606A0BD31ECE0362007776CE /* PBXContainerItemProxy */;
		};
/* End PBXTargetDependency section */

/* Begin PBXVariantGroup section */
		609D42A41ECE027500516D51 /* LaunchScreen.storyboard */ = {
			isa = PBXVariantGroup;
			children = (
				609D42A51ECE027500516D51 /* Base */,
			);
			name = LaunchScreen.storyboard;
			sourceTree = "<group>";
		};
/* End PBXVariantGroup section */

/* Begin XCBuildConfiguration section */
		609D42A81ECE027500516D51 /* Debug */ = {
			isa = XCBuildConfiguration;
			buildSettings = {
				ALWAYS_SEARCH_USER_PATHS = NO;
				CLANG_ANALYZER_NONNULL = YES;
				CLANG_ANALYZER_NUMBER_OBJECT_CONVERSION = YES_AGGRESSIVE;
				CLANG_CXX_LANGUAGE_STANDARD = "gnu++0x";
				CLANG_CXX_LIBRARY = "libc++";
				CLANG_ENABLE_MODULES = YES;
				CLANG_ENABLE_OBJC_ARC = YES;
				CLANG_WARN_BOOL_CONVERSION = YES;
				CLANG_WARN_CONSTANT_CONVERSION = YES;
				CLANG_WARN_DIRECT_OBJC_ISA_USAGE = YES_ERROR;
				CLANG_WARN_DOCUMENTATION_COMMENTS = YES;
				CLANG_WARN_EMPTY_BODY = YES;
				CLANG_WARN_ENUM_CONVERSION = YES;
				CLANG_WARN_INFINITE_RECURSION = YES;
				CLANG_WARN_INT_CONVERSION = YES;
				CLANG_WARN_OBJC_ROOT_CLASS = YES_ERROR;
				CLANG_WARN_SUSPICIOUS_MOVE = YES;
				CLANG_WARN_UNREACHABLE_CODE = YES;
				CLANG_WARN__DUPLICATE_METHOD_MATCH = YES;
				"CODE_SIGN_IDENTITY[sdk=iphoneos*]" = "iPhone Developer";
				COPY_PHASE_STRIP = NO;
				DEBUG_INFORMATION_FORMAT = dwarf;
				ENABLE_STRICT_OBJC_MSGSEND = YES;
				ENABLE_TESTABILITY = YES;
				GCC_C_LANGUAGE_STANDARD = gnu99;
				GCC_DYNAMIC_NO_PIC = NO;
				GCC_NO_COMMON_BLOCKS = YES;
				GCC_OPTIMIZATION_LEVEL = 0;
				GCC_PREPROCESSOR_DEFINITIONS = (
					"DEBUG=1",
					"$(inherited)",
				);
				GCC_WARN_64_TO_32_BIT_CONVERSION = YES;
				GCC_WARN_ABOUT_RETURN_TYPE = YES_ERROR;
				GCC_WARN_UNDECLARED_SELECTOR = YES;
				GCC_WARN_UNINITIALIZED_AUTOS = YES_AGGRESSIVE;
				GCC_WARN_UNUSED_FUNCTION = YES;
				GCC_WARN_UNUSED_VARIABLE = YES;
				IPHONEOS_DEPLOYMENT_TARGET = 10.3;
				MTL_ENABLE_DEBUG_INFO = YES;
				ONLY_ACTIVE_ARCH = YES;
				SDKROOT = iphoneos;
				TARGETED_DEVICE_FAMILY = "1,2";
			};
			name = Debug;
		};
		609D42A91ECE027500516D51 /* Release */ = {
			isa = XCBuildConfiguration;
			buildSettings = {
				ALWAYS_SEARCH_USER_PATHS = NO;
				CLANG_ANALYZER_NONNULL = YES;
				CLANG_ANALYZER_NUMBER_OBJECT_CONVERSION = YES_AGGRESSIVE;
				CLANG_CXX_LANGUAGE_STANDARD = "gnu++0x";
				CLANG_CXX_LIBRARY = "libc++";
				CLANG_ENABLE_MODULES = YES;
				CLANG_ENABLE_OBJC_ARC = YES;
				CLANG_WARN_BOOL_CONVERSION = YES;
				CLANG_WARN_CONSTANT_CONVERSION = YES;
				CLANG_WARN_DIRECT_OBJC_ISA_USAGE = YES_ERROR;
				CLANG_WARN_DOCUMENTATION_COMMENTS = YES;
				CLANG_WARN_EMPTY_BODY = YES;
				CLANG_WARN_ENUM_CONVERSION = YES;
				CLANG_WARN_INFINITE_RECURSION = YES;
				CLANG_WARN_INT_CONVERSION = YES;
				CLANG_WARN_OBJC_ROOT_CLASS = YES_ERROR;
				CLANG_WARN_SUSPICIOUS_MOVE = YES;
				CLANG_WARN_UNREACHABLE_CODE = YES;
				CLANG_WARN__DUPLICATE_METHOD_MATCH = YES;
				"CODE_SIGN_IDENTITY[sdk=iphoneos*]" = "iPhone Developer";
				COPY_PHASE_STRIP = NO;
				DEBUG_INFORMATION_FORMAT = "dwarf-with-dsym";
				ENABLE_NS_ASSERTIONS = NO;
				ENABLE_STRICT_OBJC_MSGSEND = YES;
				GCC_C_LANGUAGE_STANDARD = gnu99;
				GCC_NO_COMMON_BLOCKS = YES;
				GCC_WARN_64_TO_32_BIT_CONVERSION = YES;
				GCC_WARN_ABOUT_RETURN_TYPE = YES_ERROR;
				GCC_WARN_UNDECLARED_SELECTOR = YES;
				GCC_WARN_UNINITIALIZED_AUTOS = YES_AGGRESSIVE;
				GCC_WARN_UNUSED_FUNCTION = YES;
				GCC_WARN_UNUSED_VARIABLE = YES;
				IPHONEOS_DEPLOYMENT_TARGET = 10.3;
				MTL_ENABLE_DEBUG_INFO = NO;
				SDKROOT = iphoneos;
				TARGETED_DEVICE_FAMILY = "1,2";
				VALIDATE_PRODUCT = YES;
			};
			name = Release;
		};
		609D42AB1ECE027500516D51 /* Debug */ = {
			isa = XCBuildConfiguration;
			buildSettings = {
				ASSETCATALOG_COMPILER_APPICON_NAME = AppIcon;
				CLANG_CXX_LANGUAGE_STANDARD = "c++14";
				DEVELOPMENT_TEAM = FV49BGP2TT;
				FRAMEWORK_SEARCH_PATHS = "";
				HEADER_SEARCH_PATHS = (
					"\"$(SRCROOT)/../../../sushi/\"",
					"\"$(SRCROOT)/../../../sushi/application/src\"",
					"\"$(SRCROOT)/../../../sushi/core/src\"",
					"\"$(SRCROOT)/../../../sushi/window/src\"",
				);
				INFOPLIST_FILE = SushiApp/Info.plist;
				LD_RUNPATH_SEARCH_PATHS = "$(inherited) @executable_path/Frameworks";
				PRODUCT_BUNDLE_IDENTIFIER = net.rantingmong.SushiApp;
				PRODUCT_NAME = "$(TARGET_NAME)";
				USER_HEADER_SEARCH_PATHS = "\"$(SRCROOT)/../SushiDriver/SushiDriver\"";
			};
			name = Debug;
		};
		609D42AC1ECE027500516D51 /* Release */ = {
			isa = XCBuildConfiguration;
			buildSettings = {
				ASSETCATALOG_COMPILER_APPICON_NAME = AppIcon;
				CLANG_CXX_LANGUAGE_STANDARD = "c++14";
				DEVELOPMENT_TEAM = FV49BGP2TT;
				FRAMEWORK_SEARCH_PATHS = "";
				HEADER_SEARCH_PATHS = (
					"\"$(SRCROOT)/../../../sushi/\"",
					"\"$(SRCROOT)/../../../sushi/application/src\"",
					"\"$(SRCROOT)/../../../sushi/core/src\"",
					"\"$(SRCROOT)/../../../sushi/window/src\"",
				);
				INFOPLIST_FILE = SushiApp/Info.plist;
				LD_RUNPATH_SEARCH_PATHS = "$(inherited) @executable_path/Frameworks";
				PRODUCT_BUNDLE_IDENTIFIER = net.rantingmong.SushiApp;
				PRODUCT_NAME = "$(TARGET_NAME)";
				USER_HEADER_SEARCH_PATHS = "\"$(SRCROOT)/../SushiDriver/SushiDriver\"";
			};
			name = Release;
		};
/* End XCBuildConfiguration section */

/* Begin XCConfigurationList section */
		609D428E1ECE027500516D51 /* Build configuration list for PBXProject "SushiApp" */ = {
			isa = XCConfigurationList;
			buildConfigurations = (
				609D42A81ECE027500516D51 /* Debug */,
				609D42A91ECE027500516D51 /* Release */,
			);
			defaultConfigurationIsVisible = 0;
			defaultConfigurationName = Release;
		};
		609D42AA1ECE027500516D51 /* Build configuration list for PBXNativeTarget "SushiApp" */ = {
			isa = XCConfigurationList;
			buildConfigurations = (
				609D42AB1ECE027500516D51 /* Debug */,
				609D42AC1ECE027500516D51 /* Release */,
			);
			defaultConfigurationIsVisible = 0;
			defaultConfigurationName = Release;
		};
/* End XCConfigurationList section */
	};
	rootObject = 609D428B1ECE027500516D51 /* Project object */;
}
