// !$*UTF8*$!
{
	archiveVersion = 1;
	classes = {
	};
	objectVersion = 48;
	objects = {

/* Begin PBXBuildFile section */
		6011046A1F2471B000151A7A /* InputDispatcher.swift in Sources */ = {isa = PBXBuildFile; fileRef = 601104691F2471B000151A7A /* InputDispatcher.swift */; };
		6011046C1F2471BA00151A7A /* InputSource.swift in Sources */ = {isa = PBXBuildFile; fileRef = 6011046B1F2471BA00151A7A /* InputSource.swift */; };
		6011046E1F2471DC00151A7A /* InputSourceDriver.swift in Sources */ = {isa = PBXBuildFile; fileRef = 6011046D1F2471DC00151A7A /* InputSourceDriver.swift */; };
		6011063D1F3EE4CF001D66E8 /* sushiinputmac.h in Headers */ = {isa = PBXBuildFile; fileRef = 6011063B1F3EE4CF001D66E8 /* sushiinputmac.h */; settings = {ATTRIBUTES = (Public, ); }; };
		601106411F3EE4D9001D66E8 /* InputDispatcher.swift in Sources */ = {isa = PBXBuildFile; fileRef = 601104691F2471B000151A7A /* InputDispatcher.swift */; };
		601106421F3EE4D9001D66E8 /* InputSource.swift in Sources */ = {isa = PBXBuildFile; fileRef = 6011046B1F2471BA00151A7A /* InputSource.swift */; };
		601106431F3EE4D9001D66E8 /* InputSourceDriver.swift in Sources */ = {isa = PBXBuildFile; fileRef = 6011046D1F2471DC00151A7A /* InputSourceDriver.swift */; };
		6081C04C1F3EEE5C005136CA /* InputSourceSink.swift in Sources */ = {isa = PBXBuildFile; fileRef = 6081C04B1F3EEE5C005136CA /* InputSourceSink.swift */; };
		6081C04D1F3EEEAF005136CA /* InputSourceSink.swift in Sources */ = {isa = PBXBuildFile; fileRef = 6081C04B1F3EEE5C005136CA /* InputSourceSink.swift */; };
		6081C05D1F3EFDCB005136CA /* InputSourcePointer.swift in Sources */ = {isa = PBXBuildFile; fileRef = 6081C05C1F3EFDCB005136CA /* InputSourcePointer.swift */; };
		6081C05E1F3EFDF2005136CA /* InputSourcePointer.swift in Sources */ = {isa = PBXBuildFile; fileRef = 6081C05C1F3EFDCB005136CA /* InputSourcePointer.swift */; };
		60A791071F24701000E62551 /* sushiinput.h in Headers */ = {isa = PBXBuildFile; fileRef = 60A791051F24701000E62551 /* sushiinput.h */; settings = {ATTRIBUTES = (Public, ); }; };
/* End PBXBuildFile section */

/* Begin PBXContainerItemProxy section */
		609AC4A51F3EE5100044D0A2 /* PBXContainerItemProxy */ = {
			isa = PBXContainerItemProxy;
			containerPortal = 609AC4A01F3EE5100044D0A2 /* sushicore.xcodeproj */;
			proxyType = 2;
			remoteGlobalIDString = 60098AC81EFBF47500ABD168;
			remoteInfo = sushicore;
		};
		609AC4A71F3EE5100044D0A2 /* PBXContainerItemProxy */ = {
			isa = PBXContainerItemProxy;
			containerPortal = 609AC4A01F3EE5100044D0A2 /* sushicore.xcodeproj */;
			proxyType = 2;
			remoteGlobalIDString = 60FC215A1F3CAAE70002769F;
			remoteInfo = sushicoremac;
		};
		609AC4A91F3EE51A0044D0A2 /* PBXContainerItemProxy */ = {
			isa = PBXContainerItemProxy;
			containerPortal = 609AC4A01F3EE5100044D0A2 /* sushicore.xcodeproj */;
			proxyType = 1;
			remoteGlobalIDString = 60098AC71EFBF47500ABD168;
			remoteInfo = sushicore;
		};
		609AC4AB1F3EE51D0044D0A2 /* PBXContainerItemProxy */ = {
			isa = PBXContainerItemProxy;
			containerPortal = 609AC4A01F3EE5100044D0A2 /* sushicore.xcodeproj */;
			proxyType = 1;
			remoteGlobalIDString = 60FC21591F3CAAE70002769F;
			remoteInfo = sushicoremac;
		};
/* End PBXContainerItemProxy section */

/* Begin PBXFileReference section */
		601104691F2471B000151A7A /* InputDispatcher.swift */ = {isa = PBXFileReference; lastKnownFileType = sourcecode.swift; path = InputDispatcher.swift; sourceTree = "<group>"; };
		6011046B1F2471BA00151A7A /* InputSource.swift */ = {isa = PBXFileReference; lastKnownFileType = sourcecode.swift; path = InputSource.swift; sourceTree = "<group>"; };
		6011046D1F2471DC00151A7A /* InputSourceDriver.swift */ = {isa = PBXFileReference; lastKnownFileType = sourcecode.swift; path = InputSourceDriver.swift; sourceTree = "<group>"; };
		601106391F3EE4CF001D66E8 /* sushiinput.framework */ = {isa = PBXFileReference; explicitFileType = wrapper.framework; includeInIndex = 0; path = sushiinput.framework; sourceTree = BUILT_PRODUCTS_DIR; };
		6011063B1F3EE4CF001D66E8 /* sushiinputmac.h */ = {isa = PBXFileReference; lastKnownFileType = sourcecode.c.h; path = sushiinputmac.h; sourceTree = "<group>"; };
		6011063C1F3EE4CF001D66E8 /* Info.plist */ = {isa = PBXFileReference; lastKnownFileType = text.plist.xml; path = Info.plist; sourceTree = "<group>"; };
		6081C04B1F3EEE5C005136CA /* InputSourceSink.swift */ = {isa = PBXFileReference; lastKnownFileType = sourcecode.swift; path = InputSourceSink.swift; sourceTree = "<group>"; };
		6081C05C1F3EFDCB005136CA /* InputSourcePointer.swift */ = {isa = PBXFileReference; lastKnownFileType = sourcecode.swift; path = InputSourcePointer.swift; sourceTree = "<group>"; };
		609AC4A01F3EE5100044D0A2 /* sushicore.xcodeproj */ = {isa = PBXFileReference; lastKnownFileType = "wrapper.pb-project"; name = sushicore.xcodeproj; path = ../sushicore/sushicore.xcodeproj; sourceTree = "<group>"; };
		60A791021F24701000E62551 /* sushiinput.framework */ = {isa = PBXFileReference; explicitFileType = wrapper.framework; includeInIndex = 0; path = sushiinput.framework; sourceTree = BUILT_PRODUCTS_DIR; };
		60A791051F24701000E62551 /* sushiinput.h */ = {isa = PBXFileReference; lastKnownFileType = sourcecode.c.h; path = sushiinput.h; sourceTree = "<group>"; };
		60A791061F24701000E62551 /* Info.plist */ = {isa = PBXFileReference; lastKnownFileType = text.plist.xml; path = Info.plist; sourceTree = "<group>"; };
/* End PBXFileReference section */

/* Begin PBXFrameworksBuildPhase section */
		601106351F3EE4CF001D66E8 /* Frameworks */ = {
			isa = PBXFrameworksBuildPhase;
			buildActionMask = 2147483647;
			files = (
			);
			runOnlyForDeploymentPostprocessing = 0;
		};
		60A790FE1F24701000E62551 /* Frameworks */ = {
			isa = PBXFrameworksBuildPhase;
			buildActionMask = 2147483647;
			files = (
			);
			runOnlyForDeploymentPostprocessing = 0;
		};
/* End PBXFrameworksBuildPhase section */

/* Begin PBXGroup section */
		6011063A1F3EE4CF001D66E8 /* sushiinputmac */ = {
			isa = PBXGroup;
			children = (
				6011063B1F3EE4CF001D66E8 /* sushiinputmac.h */,
				6011063C1F3EE4CF001D66E8 /* Info.plist */,
			);
			path = sushiinputmac;
			sourceTree = "<group>";
		};
		601106441F3EE4E4001D66E8 /* dependencies */ = {
			isa = PBXGroup;
			children = (
				609AC4A01F3EE5100044D0A2 /* sushicore.xcodeproj */,
			);
			name = dependencies;
			sourceTree = "<group>";
		};
		6081C05B1F3EFDB4005136CA /* input sources */ = {
			isa = PBXGroup;
			children = (
				6081C05C1F3EFDCB005136CA /* InputSourcePointer.swift */,
			);
			path = "input sources";
			sourceTree = "<group>";
		};
		609AC4A11F3EE5100044D0A2 /* Products */ = {
			isa = PBXGroup;
			children = (
				609AC4A61F3EE5100044D0A2 /* sushicore.framework */,
				609AC4A81F3EE5100044D0A2 /* sushicore.framework */,
			);
			name = Products;
			sourceTree = "<group>";
		};
		60A790F81F24701000E62551 = {
			isa = PBXGroup;
			children = (
				601106441F3EE4E4001D66E8 /* dependencies */,
				60A791041F24701000E62551 /* sushiinput */,
				6011063A1F3EE4CF001D66E8 /* sushiinputmac */,
				60A791031F24701000E62551 /* Products */,
			);
			sourceTree = "<group>";
		};
		60A791031F24701000E62551 /* Products */ = {
			isa = PBXGroup;
			children = (
				60A791021F24701000E62551 /* sushiinput.framework */,
				601106391F3EE4CF001D66E8 /* sushiinput.framework */,
			);
			name = Products;
			sourceTree = "<group>";
		};
		60A791041F24701000E62551 /* sushiinput */ = {
			isa = PBXGroup;
			children = (
				6081C05B1F3EFDB4005136CA /* input sources */,
				60A791061F24701000E62551 /* Info.plist */,
				601104691F2471B000151A7A /* InputDispatcher.swift */,
				6011046B1F2471BA00151A7A /* InputSource.swift */,
				6011046D1F2471DC00151A7A /* InputSourceDriver.swift */,
				6081C04B1F3EEE5C005136CA /* InputSourceSink.swift */,
				60A791051F24701000E62551 /* sushiinput.h */,
			);
			path = sushiinput;
			sourceTree = "<group>";
		};
/* End PBXGroup section */

/* Begin PBXHeadersBuildPhase section */
		601106361F3EE4CF001D66E8 /* Headers */ = {
			isa = PBXHeadersBuildPhase;
			buildActionMask = 2147483647;
			files = (
				6011063D1F3EE4CF001D66E8 /* sushiinputmac.h in Headers */,
			);
			runOnlyForDeploymentPostprocessing = 0;
		};
		60A790FF1F24701000E62551 /* Headers */ = {
			isa = PBXHeadersBuildPhase;
			buildActionMask = 2147483647;
			files = (
				60A791071F24701000E62551 /* sushiinput.h in Headers */,
			);
			runOnlyForDeploymentPostprocessing = 0;
		};
/* End PBXHeadersBuildPhase section */

/* Begin PBXNativeTarget section */
		601106381F3EE4CF001D66E8 /* sushiinputmac */ = {
			isa = PBXNativeTarget;
			buildConfigurationList = 601106401F3EE4CF001D66E8 /* Build configuration list for PBXNativeTarget "sushiinputmac" */;
			buildPhases = (
				601106341F3EE4CF001D66E8 /* Sources */,
				601106351F3EE4CF001D66E8 /* Frameworks */,
				601106361F3EE4CF001D66E8 /* Headers */,
				601106371F3EE4CF001D66E8 /* Resources */,
			);
			buildRules = (
			);
			dependencies = (
				609AC4AC1F3EE51D0044D0A2 /* PBXTargetDependency */,
			);
			name = sushiinputmac;
			productName = sushiinputmac;
			productReference = 601106391F3EE4CF001D66E8 /* sushiinput.framework */;
			productType = "com.apple.product-type.framework";
		};
		60A791011F24701000E62551 /* sushiinput */ = {
			isa = PBXNativeTarget;
			buildConfigurationList = 60A7910A1F24701000E62551 /* Build configuration list for PBXNativeTarget "sushiinput" */;
			buildPhases = (
				60A790FD1F24701000E62551 /* Sources */,
				60A790FE1F24701000E62551 /* Frameworks */,
				60A790FF1F24701000E62551 /* Headers */,
				60A791001F24701000E62551 /* Resources */,
			);
			buildRules = (
			);
			dependencies = (
				609AC4AA1F3EE51A0044D0A2 /* PBXTargetDependency */,
			);
			name = sushiinput;
			productName = sushiinput;
			productReference = 60A791021F24701000E62551 /* sushiinput.framework */;
			productType = "com.apple.product-type.framework";
		};
/* End PBXNativeTarget section */

/* Begin PBXProject section */
		60A790F91F24701000E62551 /* Project object */ = {
			isa = PBXProject;
			attributes = {
				LastUpgradeCheck = 0900;
				ORGANIZATIONNAME = "Michael Ong";
				TargetAttributes = {
					601106381F3EE4CF001D66E8 = {
						CreatedOnToolsVersion = 9.0;
					};
					60A791011F24701000E62551 = {
						CreatedOnToolsVersion = 9.0;
						LastSwiftMigration = 0900;
						ProvisioningStyle = Automatic;
					};
				};
			};
			buildConfigurationList = 60A790FC1F24701000E62551 /* Build configuration list for PBXProject "sushiinput" */;
			compatibilityVersion = "Xcode 8.0";
			developmentRegion = en;
			hasScannedForEncodings = 0;
			knownRegions = (
				en,
			);
			mainGroup = 60A790F81F24701000E62551;
			productRefGroup = 60A791031F24701000E62551 /* Products */;
			projectDirPath = "";
			projectReferences = (
				{
					ProductGroup = 609AC4A11F3EE5100044D0A2 /* Products */;
					ProjectRef = 609AC4A01F3EE5100044D0A2 /* sushicore.xcodeproj */;
				},
			);
			projectRoot = "";
			targets = (
				60A791011F24701000E62551 /* sushiinput */,
				601106381F3EE4CF001D66E8 /* sushiinputmac */,
			);
		};
/* End PBXProject section */

/* Begin PBXReferenceProxy section */
		609AC4A61F3EE5100044D0A2 /* sushicore.framework */ = {
			isa = PBXReferenceProxy;
			fileType = wrapper.framework;
			path = sushicore.framework;
			remoteRef = 609AC4A51F3EE5100044D0A2 /* PBXContainerItemProxy */;
			sourceTree = BUILT_PRODUCTS_DIR;
		};
		609AC4A81F3EE5100044D0A2 /* sushicore.framework */ = {
			isa = PBXReferenceProxy;
			fileType = wrapper.framework;
			path = sushicore.framework;
			remoteRef = 609AC4A71F3EE5100044D0A2 /* PBXContainerItemProxy */;
			sourceTree = BUILT_PRODUCTS_DIR;
		};
/* End PBXReferenceProxy section */

/* Begin PBXResourcesBuildPhase section */
		601106371F3EE4CF001D66E8 /* Resources */ = {
			isa = PBXResourcesBuildPhase;
			buildActionMask = 2147483647;
			files = (
			);
			runOnlyForDeploymentPostprocessing = 0;
		};
		60A791001F24701000E62551 /* Resources */ = {
			isa = PBXResourcesBuildPhase;
			buildActionMask = 2147483647;
			files = (
			);
			runOnlyForDeploymentPostprocessing = 0;
		};
/* End PBXResourcesBuildPhase section */

/* Begin PBXSourcesBuildPhase section */
		601106341F3EE4CF001D66E8 /* Sources */ = {
			isa = PBXSourcesBuildPhase;
			buildActionMask = 2147483647;
			files = (
				6081C05E1F3EFDF2005136CA /* InputSourcePointer.swift in Sources */,
				6081C04D1F3EEEAF005136CA /* InputSourceSink.swift in Sources */,
				601106411F3EE4D9001D66E8 /* InputDispatcher.swift in Sources */,
				601106421F3EE4D9001D66E8 /* InputSource.swift in Sources */,
				601106431F3EE4D9001D66E8 /* InputSourceDriver.swift in Sources */,
			);
			runOnlyForDeploymentPostprocessing = 0;
		};
		60A790FD1F24701000E62551 /* Sources */ = {
			isa = PBXSourcesBuildPhase;
			buildActionMask = 2147483647;
			files = (
				6011046A1F2471B000151A7A /* InputDispatcher.swift in Sources */,
				6011046E1F2471DC00151A7A /* InputSourceDriver.swift in Sources */,
				6081C05D1F3EFDCB005136CA /* InputSourcePointer.swift in Sources */,
				6081C04C1F3EEE5C005136CA /* InputSourceSink.swift in Sources */,
				6011046C1F2471BA00151A7A /* InputSource.swift in Sources */,
			);
			runOnlyForDeploymentPostprocessing = 0;
		};
/* End PBXSourcesBuildPhase section */

/* Begin PBXTargetDependency section */
		609AC4AA1F3EE51A0044D0A2 /* PBXTargetDependency */ = {
			isa = PBXTargetDependency;
			name = sushicore;
			targetProxy = 609AC4A91F3EE51A0044D0A2 /* PBXContainerItemProxy */;
		};
		609AC4AC1F3EE51D0044D0A2 /* PBXTargetDependency */ = {
			isa = PBXTargetDependency;
			name = sushicoremac;
			targetProxy = 609AC4AB1F3EE51D0044D0A2 /* PBXContainerItemProxy */;
		};
/* End PBXTargetDependency section */

/* Begin XCBuildConfiguration section */
		6011063E1F3EE4CF001D66E8 /* Debug */ = {
			isa = XCBuildConfiguration;
			buildSettings = {
				CODE_SIGN_IDENTITY = "Mac Developer";
				COMBINE_HIDPI_IMAGES = YES;
				DEFINES_MODULE = YES;
				DEVELOPMENT_TEAM = FV49BGP2TT;
				DYLIB_COMPATIBILITY_VERSION = 1;
				DYLIB_CURRENT_VERSION = 1;
				DYLIB_INSTALL_NAME_BASE = "@rpath";
				FRAMEWORK_VERSION = A;
				INFOPLIST_FILE = sushiinputmac/Info.plist;
				INSTALL_PATH = "$(LOCAL_LIBRARY_DIR)/Frameworks";
				LD_RUNPATH_SEARCH_PATHS = "$(inherited) @executable_path/../Frameworks @loader_path/Frameworks";
				MACOSX_DEPLOYMENT_TARGET = 10.12;
				PRODUCT_BUNDLE_IDENTIFIER = net.rantingmong.sushiinputmac;
				PRODUCT_NAME = sushiinput;
				SDKROOT = macosx;
				SKIP_INSTALL = YES;
				SWIFT_VERSION = 4.0;
			};
			name = Debug;
		};
		6011063F1F3EE4CF001D66E8 /* Release */ = {
			isa = XCBuildConfiguration;
			buildSettings = {
				CODE_SIGN_IDENTITY = "Mac Developer";
				COMBINE_HIDPI_IMAGES = YES;
				DEFINES_MODULE = YES;
				DEVELOPMENT_TEAM = FV49BGP2TT;
				DYLIB_COMPATIBILITY_VERSION = 1;
				DYLIB_CURRENT_VERSION = 1;
				DYLIB_INSTALL_NAME_BASE = "@rpath";
				FRAMEWORK_VERSION = A;
				INFOPLIST_FILE = sushiinputmac/Info.plist;
				INSTALL_PATH = "$(LOCAL_LIBRARY_DIR)/Frameworks";
				LD_RUNPATH_SEARCH_PATHS = "$(inherited) @executable_path/../Frameworks @loader_path/Frameworks";
				MACOSX_DEPLOYMENT_TARGET = 10.12;
				PRODUCT_BUNDLE_IDENTIFIER = net.rantingmong.sushiinputmac;
				PRODUCT_NAME = sushiinput;
				SDKROOT = macosx;
				SKIP_INSTALL = YES;
				SWIFT_VERSION = 4.0;
			};
			name = Release;
		};
		60A791081F24701000E62551 /* Debug */ = {
			isa = XCBuildConfiguration;
			buildSettings = {
				ALWAYS_SEARCH_USER_PATHS = NO;
				CLANG_ANALYZER_NONNULL = YES;
				CLANG_ANALYZER_NUMBER_OBJECT_CONVERSION = YES_AGGRESSIVE;
				CLANG_CXX_LANGUAGE_STANDARD = "gnu++14";
				CLANG_CXX_LIBRARY = "libc++";
				CLANG_ENABLE_MODULES = YES;
				CLANG_ENABLE_OBJC_ARC = YES;
				CLANG_WARN_BLOCK_CAPTURE_AUTORELEASING = YES;
				CLANG_WARN_BOOL_CONVERSION = YES;
				CLANG_WARN_COMMA = YES;
				CLANG_WARN_CONSTANT_CONVERSION = YES;
				CLANG_WARN_DIRECT_OBJC_ISA_USAGE = YES_ERROR;
				CLANG_WARN_DOCUMENTATION_COMMENTS = YES;
				CLANG_WARN_EMPTY_BODY = YES;
				CLANG_WARN_ENUM_CONVERSION = YES;
				CLANG_WARN_INFINITE_RECURSION = YES;
				CLANG_WARN_INT_CONVERSION = YES;
				CLANG_WARN_NON_LITERAL_NULL_CONVERSION = YES;
				CLANG_WARN_OBJC_LITERAL_CONVERSION = YES;
				CLANG_WARN_OBJC_ROOT_CLASS = YES_ERROR;
				CLANG_WARN_RANGE_LOOP_ANALYSIS = YES;
				CLANG_WARN_STRICT_PROTOTYPES = YES;
				CLANG_WARN_SUSPICIOUS_MOVE = YES;
				CLANG_WARN_UNGUARDED_AVAILABILITY = YES_AGGRESSIVE;
				CLANG_WARN_UNREACHABLE_CODE = YES;
				CLANG_WARN__DUPLICATE_METHOD_MATCH = YES;
				CODE_SIGN_IDENTITY = "iPhone Developer";
				COPY_PHASE_STRIP = NO;
				CURRENT_PROJECT_VERSION = 1;
				DEBUG_INFORMATION_FORMAT = dwarf;
				ENABLE_STRICT_OBJC_MSGSEND = YES;
				ENABLE_TESTABILITY = YES;
				GCC_C_LANGUAGE_STANDARD = gnu11;
				GCC_DYNAMIC_NO_PIC = NO;
				GCC_NO_COMMON_BLOCKS = YES;
				GCC_OPTIMIZATION_LEVEL = 0;
				GCC_PREPROCESSOR_DEFINITIONS = (
					"DEBUG=1",
					"$(inherited)",
				);
				GCC_WARN_64_TO_32_BIT_CONVERSION = YES;
				GCC_WARN_ABOUT_RETURN_TYPE = YES_ERROR;
				GCC_WARN_UNDECLARED_SELECTOR = YES;
				GCC_WARN_UNINITIALIZED_AUTOS = YES_AGGRESSIVE;
				GCC_WARN_UNUSED_FUNCTION = YES;
				GCC_WARN_UNUSED_VARIABLE = YES;
				IPHONEOS_DEPLOYMENT_TARGET = 10.3;
				MACOSX_DEPLOYMENT_TARGET = 10.12;
				MTL_ENABLE_DEBUG_INFO = YES;
				ONLY_ACTIVE_ARCH = YES;
				SDKROOT = iphoneos;
				SWIFT_ACTIVE_COMPILATION_CONDITIONS = DEBUG;
				SWIFT_OPTIMIZATION_LEVEL = "-Onone";
				VERSIONING_SYSTEM = "apple-generic";
				VERSION_INFO_PREFIX = "";
			};
			name = Debug;
		};
		60A791091F24701000E62551 /* Release */ = {
			isa = XCBuildConfiguration;
			buildSettings = {
				ALWAYS_SEARCH_USER_PATHS = NO;
				CLANG_ANALYZER_NONNULL = YES;
				CLANG_ANALYZER_NUMBER_OBJECT_CONVERSION = YES_AGGRESSIVE;
				CLANG_CXX_LANGUAGE_STANDARD = "gnu++14";
				CLANG_CXX_LIBRARY = "libc++";
				CLANG_ENABLE_MODULES = YES;
				CLANG_ENABLE_OBJC_ARC = YES;
				CLANG_WARN_BLOCK_CAPTURE_AUTORELEASING = YES;
				CLANG_WARN_BOOL_CONVERSION = YES;
				CLANG_WARN_COMMA = YES;
				CLANG_WARN_CONSTANT_CONVERSION = YES;
				CLANG_WARN_DIRECT_OBJC_ISA_USAGE = YES_ERROR;
				CLANG_WARN_DOCUMENTATION_COMMENTS = YES;
				CLANG_WARN_EMPTY_BODY = YES;
				CLANG_WARN_ENUM_CONVERSION = YES;
				CLANG_WARN_INFINITE_RECURSION = YES;
				CLANG_WARN_INT_CONVERSION = YES;
				CLANG_WARN_NON_LITERAL_NULL_CONVERSION = YES;
				CLANG_WARN_OBJC_LITERAL_CONVERSION = YES;
				CLANG_WARN_OBJC_ROOT_CLASS = YES_ERROR;
				CLANG_WARN_RANGE_LOOP_ANALYSIS = YES;
				CLANG_WARN_STRICT_PROTOTYPES = YES;
				CLANG_WARN_SUSPICIOUS_MOVE = YES;
				CLANG_WARN_UNGUARDED_AVAILABILITY = YES_AGGRESSIVE;
				CLANG_WARN_UNREACHABLE_CODE = YES;
				CLANG_WARN__DUPLICATE_METHOD_MATCH = YES;
				CODE_SIGN_IDENTITY = "iPhone Developer";
				COPY_PHASE_STRIP = NO;
				CURRENT_PROJECT_VERSION = 1;
				DEBUG_INFORMATION_FORMAT = "dwarf-with-dsym";
				ENABLE_NS_ASSERTIONS = NO;
				ENABLE_STRICT_OBJC_MSGSEND = YES;
				GCC_C_LANGUAGE_STANDARD = gnu11;
				GCC_NO_COMMON_BLOCKS = YES;
				GCC_WARN_64_TO_32_BIT_CONVERSION = YES;
				GCC_WARN_ABOUT_RETURN_TYPE = YES_ERROR;
				GCC_WARN_UNDECLARED_SELECTOR = YES;
				GCC_WARN_UNINITIALIZED_AUTOS = YES_AGGRESSIVE;
				GCC_WARN_UNUSED_FUNCTION = YES;
				GCC_WARN_UNUSED_VARIABLE = YES;
				IPHONEOS_DEPLOYMENT_TARGET = 10.3;
				MACOSX_DEPLOYMENT_TARGET = 10.12;
				MTL_ENABLE_DEBUG_INFO = NO;
				SDKROOT = iphoneos;
				SWIFT_OPTIMIZATION_LEVEL = "-Owholemodule";
				VALIDATE_PRODUCT = YES;
				VERSIONING_SYSTEM = "apple-generic";
				VERSION_INFO_PREFIX = "";
			};
			name = Release;
		};
		60A7910B1F24701000E62551 /* Debug */ = {
			isa = XCBuildConfiguration;
			buildSettings = {
				CLANG_ENABLE_MODULES = YES;
				CODE_SIGN_IDENTITY = "";
				"CODE_SIGN_IDENTITY[sdk=iphoneos*]" = "iPhone Developer";
				CODE_SIGN_STYLE = Automatic;
				DEFINES_MODULE = YES;
				DEVELOPMENT_TEAM = FV49BGP2TT;
				DYLIB_COMPATIBILITY_VERSION = 1;
				DYLIB_CURRENT_VERSION = 1;
				DYLIB_INSTALL_NAME_BASE = "@rpath";
				INFOPLIST_FILE = sushiinput/Info.plist;
				INSTALL_PATH = "$(LOCAL_LIBRARY_DIR)/Frameworks";
				IPHONEOS_DEPLOYMENT_TARGET = 10.3;
				LD_RUNPATH_SEARCH_PATHS = "$(inherited) @executable_path/Frameworks @loader_path/Frameworks";
				PRODUCT_BUNDLE_IDENTIFIER = net.rantingmong.sushiinput;
				PRODUCT_NAME = sushiinput;
				PROVISIONING_PROFILE_SPECIFIER = "";
				SKIP_INSTALL = YES;
				SWIFT_OPTIMIZATION_LEVEL = "-Onone";
				SWIFT_VERSION = 4.0;
				TARGETED_DEVICE_FAMILY = "1,2";
			};
			name = Debug;
		};
		60A7910C1F24701000E62551 /* Release */ = {
			isa = XCBuildConfiguration;
			buildSettings = {
				CLANG_ENABLE_MODULES = YES;
				CODE_SIGN_IDENTITY = "";
				"CODE_SIGN_IDENTITY[sdk=iphoneos*]" = "iPhone Developer";
				CODE_SIGN_STYLE = Automatic;
				DEFINES_MODULE = YES;
				DEVELOPMENT_TEAM = FV49BGP2TT;
				DYLIB_COMPATIBILITY_VERSION = 1;
				DYLIB_CURRENT_VERSION = 1;
				DYLIB_INSTALL_NAME_BASE = "@rpath";
				INFOPLIST_FILE = sushiinput/Info.plist;
				INSTALL_PATH = "$(LOCAL_LIBRARY_DIR)/Frameworks";
				IPHONEOS_DEPLOYMENT_TARGET = 10.3;
				LD_RUNPATH_SEARCH_PATHS = "$(inherited) @executable_path/Frameworks @loader_path/Frameworks";
				PRODUCT_BUNDLE_IDENTIFIER = net.rantingmong.sushiinput;
				PRODUCT_NAME = sushiinput;
				PROVISIONING_PROFILE_SPECIFIER = "";
				SKIP_INSTALL = YES;
				SWIFT_VERSION = 4.0;
				TARGETED_DEVICE_FAMILY = "1,2";
			};
			name = Release;
		};
/* End XCBuildConfiguration section */

/* Begin XCConfigurationList section */
		601106401F3EE4CF001D66E8 /* Build configuration list for PBXNativeTarget "sushiinputmac" */ = {
			isa = XCConfigurationList;
			buildConfigurations = (
				6011063E1F3EE4CF001D66E8 /* Debug */,
				6011063F1F3EE4CF001D66E8 /* Release */,
			);
			defaultConfigurationIsVisible = 0;
			defaultConfigurationName = Release;
		};
		60A790FC1F24701000E62551 /* Build configuration list for PBXProject "sushiinput" */ = {
			isa = XCConfigurationList;
			buildConfigurations = (
				60A791081F24701000E62551 /* Debug */,
				60A791091F24701000E62551 /* Release */,
			);
			defaultConfigurationIsVisible = 0;
			defaultConfigurationName = Release;
		};
		60A7910A1F24701000E62551 /* Build configuration list for PBXNativeTarget "sushiinput" */ = {
			isa = XCConfigurationList;
			buildConfigurations = (
				60A7910B1F24701000E62551 /* Debug */,
				60A7910C1F24701000E62551 /* Release */,
			);
			defaultConfigurationIsVisible = 0;
			defaultConfigurationName = Release;
		};
/* End XCConfigurationList section */
	};
	rootObject = 60A790F91F24701000E62551 /* Project object */;
}
