// !$*UTF8*$!
{
	archiveVersion = 1;
	classes = {
	};
	objectVersion = 48;
	objects = {

/* Begin PBXBuildFile section */
		60098AD21EFBF47600ABD168 /* sushicore.framework in Frameworks */ = {isa = PBXBuildFile; fileRef = 60098AC81EFBF47500ABD168 /* sushicore.framework */; };
		60098AD71EFBF47600ABD168 /* sushicoreTests.swift in Sources */ = {isa = PBXBuildFile; fileRef = 60098AD61EFBF47600ABD168 /* sushicoreTests.swift */; };
		60098AD91EFBF47600ABD168 /* sushicore.h in Headers */ = {isa = PBXBuildFile; fileRef = 60098ACB1EFBF47500ABD168 /* sushicore.h */; settings = {ATTRIBUTES = (Public, ); }; };
		60098AE31EFBF50100ABD168 /* Point.swift in Sources */ = {isa = PBXBuildFile; fileRef = 60098AE21EFBF50100ABD168 /* Point.swift */; };
		60098AE51EFBF65F00ABD168 /* Vector.swift in Sources */ = {isa = PBXBuildFile; fileRef = 60098AE41EFBF65F00ABD168 /* Vector.swift */; };
		60098AE71EFBF68300ABD168 /* Dimensional.swift in Sources */ = {isa = PBXBuildFile; fileRef = 60098AE61EFBF68300ABD168 /* Dimensional.swift */; };
		60098AE91EFBF82300ABD168 /* Rectangle.swift in Sources */ = {isa = PBXBuildFile; fileRef = 60098AE81EFBF82300ABD168 /* Rectangle.swift */; };
		6046BDF01F03EBBD00BE890A /* FastFail.swift in Sources */ = {isa = PBXBuildFile; fileRef = 6046BDEF1F03EBBD00BE890A /* FastFail.swift */; };
/* End PBXBuildFile section */

/* Begin PBXContainerItemProxy section */
		60098AD31EFBF47600ABD168 /* PBXContainerItemProxy */ = {
			isa = PBXContainerItemProxy;
			containerPortal = 60098ABF1EFBF47500ABD168 /* Project object */;
			proxyType = 1;
			remoteGlobalIDString = 60098AC71EFBF47500ABD168;
			remoteInfo = sushicore;
		};
/* End PBXContainerItemProxy section */

/* Begin PBXFileReference section */
		60098AC81EFBF47500ABD168 /* sushicore.framework */ = {isa = PBXFileReference; explicitFileType = wrapper.framework; includeInIndex = 0; path = sushicore.framework; sourceTree = BUILT_PRODUCTS_DIR; };
		60098ACB1EFBF47500ABD168 /* sushicore.h */ = {isa = PBXFileReference; lastKnownFileType = sourcecode.c.h; path = sushicore.h; sourceTree = "<group>"; };
		60098ACC1EFBF47500ABD168 /* Info.plist */ = {isa = PBXFileReference; lastKnownFileType = text.plist.xml; path = Info.plist; sourceTree = "<group>"; };
		60098AD11EFBF47600ABD168 /* sushicoreTests.xctest */ = {isa = PBXFileReference; explicitFileType = wrapper.cfbundle; includeInIndex = 0; path = sushicoreTests.xctest; sourceTree = BUILT_PRODUCTS_DIR; };
		60098AD61EFBF47600ABD168 /* sushicoreTests.swift */ = {isa = PBXFileReference; lastKnownFileType = sourcecode.swift; path = sushicoreTests.swift; sourceTree = "<group>"; };
		60098AD81EFBF47600ABD168 /* Info.plist */ = {isa = PBXFileReference; lastKnownFileType = text.plist.xml; path = Info.plist; sourceTree = "<group>"; };
		60098AE21EFBF50100ABD168 /* Point.swift */ = {isa = PBXFileReference; lastKnownFileType = sourcecode.swift; path = Point.swift; sourceTree = "<group>"; };
		60098AE41EFBF65F00ABD168 /* Vector.swift */ = {isa = PBXFileReference; lastKnownFileType = sourcecode.swift; path = Vector.swift; sourceTree = "<group>"; };
		60098AE61EFBF68300ABD168 /* Dimensional.swift */ = {isa = PBXFileReference; lastKnownFileType = sourcecode.swift; path = Dimensional.swift; sourceTree = "<group>"; };
		60098AE81EFBF82300ABD168 /* Rectangle.swift */ = {isa = PBXFileReference; lastKnownFileType = sourcecode.swift; path = Rectangle.swift; sourceTree = "<group>"; };
		6046BDEF1F03EBBD00BE890A /* FastFail.swift */ = {isa = PBXFileReference; lastKnownFileType = sourcecode.swift; path = FastFail.swift; sourceTree = "<group>"; };
/* End PBXFileReference section */

/* Begin PBXFrameworksBuildPhase section */
		60098AC41EFBF47500ABD168 /* Frameworks */ = {
			isa = PBXFrameworksBuildPhase;
			buildActionMask = 2147483647;
			files = (
			);
			runOnlyForDeploymentPostprocessing = 0;
		};
		60098ACE1EFBF47600ABD168 /* Frameworks */ = {
			isa = PBXFrameworksBuildPhase;
			buildActionMask = 2147483647;
			files = (
				60098AD21EFBF47600ABD168 /* sushicore.framework in Frameworks */,
			);
			runOnlyForDeploymentPostprocessing = 0;
		};
/* End PBXFrameworksBuildPhase section */

/* Begin PBXGroup section */
		60098ABE1EFBF47500ABD168 = {
			isa = PBXGroup;
			children = (
				60098AC91EFBF47500ABD168 /* Products */,
				60098ACA1EFBF47500ABD168 /* sushicore */,
				60098AD51EFBF47600ABD168 /* sushicoreTests */,
			);
			sourceTree = "<group>";
		};
		60098AC91EFBF47500ABD168 /* Products */ = {
			isa = PBXGroup;
			children = (
				60098AC81EFBF47500ABD168 /* sushicore.framework */,
				60098AD11EFBF47600ABD168 /* sushicoreTests.xctest */,
			);
			name = Products;
			sourceTree = "<group>";
		};
		60098ACA1EFBF47500ABD168 /* sushicore */ = {
			isa = PBXGroup;
			children = (
				60098AEA1EFBF83400ABD168 /* Dimensional */,
				60098ACB1EFBF47500ABD168 /* sushicore.h */,
				60098ACC1EFBF47500ABD168 /* Info.plist */,
				6046BDEF1F03EBBD00BE890A /* FastFail.swift */,
			);
			path = sushicore;
			sourceTree = "<group>";
		};
		60098AD51EFBF47600ABD168 /* sushicoreTests */ = {
			isa = PBXGroup;
			children = (
				60098AD61EFBF47600ABD168 /* sushicoreTests.swift */,
				60098AD81EFBF47600ABD168 /* Info.plist */,
			);
			path = sushicoreTests;
			sourceTree = "<group>";
		};
		60098AEA1EFBF83400ABD168 /* Dimensional */ = {
			isa = PBXGroup;
			children = (
				60098AE61EFBF68300ABD168 /* Dimensional.swift */,
				60098AE21EFBF50100ABD168 /* Point.swift */,
				60098AE81EFBF82300ABD168 /* Rectangle.swift */,
				60098AE41EFBF65F00ABD168 /* Vector.swift */,
			);
			path = Dimensional;
			sourceTree = "<group>";
		};
/* End PBXGroup section */

/* Begin PBXHeadersBuildPhase section */
		60098AC51EFBF47500ABD168 /* Headers */ = {
			isa = PBXHeadersBuildPhase;
			buildActionMask = 2147483647;
			files = (
				60098AD91EFBF47600ABD168 /* sushicore.h in Headers */,
			);
			runOnlyForDeploymentPostprocessing = 0;
		};
/* End PBXHeadersBuildPhase section */

/* Begin PBXNativeTarget section */
		60098AC71EFBF47500ABD168 /* sushicore */ = {
			isa = PBXNativeTarget;
			buildConfigurationList = 60098ADC1EFBF47600ABD168 /* Build configuration list for PBXNativeTarget "sushicore" */;
			buildPhases = (
				60098AC31EFBF47500ABD168 /* Sources */,
				60098AC41EFBF47500ABD168 /* Frameworks */,
				60098AC51EFBF47500ABD168 /* Headers */,
				60098AC61EFBF47500ABD168 /* Resources */,
			);
			buildRules = (
			);
			dependencies = (
			);
			name = sushicore;
			productName = sushicore;
			productReference = 60098AC81EFBF47500ABD168 /* sushicore.framework */;
			productType = "com.apple.product-type.framework";
		};
		60098AD01EFBF47600ABD168 /* sushicoreTests */ = {
			isa = PBXNativeTarget;
			buildConfigurationList = 60098ADF1EFBF47600ABD168 /* Build configuration list for PBXNativeTarget "sushicoreTests" */;
			buildPhases = (
				60098ACD1EFBF47600ABD168 /* Sources */,
				60098ACE1EFBF47600ABD168 /* Frameworks */,
				60098ACF1EFBF47600ABD168 /* Resources */,
			);
			buildRules = (
			);
			dependencies = (
				60098AD41EFBF47600ABD168 /* PBXTargetDependency */,
			);
			name = sushicoreTests;
			productName = sushicoreTests;
			productReference = 60098AD11EFBF47600ABD168 /* sushicoreTests.xctest */;
			productType = "com.apple.product-type.bundle.unit-test";
		};
/* End PBXNativeTarget section */

/* Begin PBXProject section */
		60098ABF1EFBF47500ABD168 /* Project object */ = {
			isa = PBXProject;
			attributes = {
				LastSwiftUpdateCheck = 0900;
				LastUpgradeCheck = 0900;
				ORGANIZATIONNAME = "Michael Ong";
				TargetAttributes = {
					60098AC71EFBF47500ABD168 = {
						CreatedOnToolsVersion = 9.0;
						LastSwiftMigration = 0900;
					};
					60098AD01EFBF47600ABD168 = {
						CreatedOnToolsVersion = 9.0;
					};
				};
			};
			buildConfigurationList = 60098AC21EFBF47500ABD168 /* Build configuration list for PBXProject "sushicore" */;
			compatibilityVersion = "Xcode 8.0";
			developmentRegion = en;
			hasScannedForEncodings = 0;
			knownRegions = (
				en,
			);
			mainGroup = 60098ABE1EFBF47500ABD168;
			productRefGroup = 60098AC91EFBF47500ABD168 /* Products */;
			projectDirPath = "";
			projectRoot = "";
			targets = (
				60098AC71EFBF47500ABD168 /* sushicore */,
				60098AD01EFBF47600ABD168 /* sushicoreTests */,
			);
		};
/* End PBXProject section */

/* Begin PBXResourcesBuildPhase section */
		60098AC61EFBF47500ABD168 /* Resources */ = {
			isa = PBXResourcesBuildPhase;
			buildActionMask = 2147483647;
			files = (
			);
			runOnlyForDeploymentPostprocessing = 0;
		};
		60098ACF1EFBF47600ABD168 /* Resources */ = {
			isa = PBXResourcesBuildPhase;
			buildActionMask = 2147483647;
			files = (
			);
			runOnlyForDeploymentPostprocessing = 0;
		};
/* End PBXResourcesBuildPhase section */

/* Begin PBXSourcesBuildPhase section */
		60098AC31EFBF47500ABD168 /* Sources */ = {
			isa = PBXSourcesBuildPhase;
			buildActionMask = 2147483647;
			files = (
				6046BDF01F03EBBD00BE890A /* FastFail.swift in Sources */,
				60098AE51EFBF65F00ABD168 /* Vector.swift in Sources */,
				60098AE71EFBF68300ABD168 /* Dimensional.swift in Sources */,
				60098AE31EFBF50100ABD168 /* Point.swift in Sources */,
				60098AE91EFBF82300ABD168 /* Rectangle.swift in Sources */,
			);
			runOnlyForDeploymentPostprocessing = 0;
		};
		60098ACD1EFBF47600ABD168 /* Sources */ = {
			isa = PBXSourcesBuildPhase;
			buildActionMask = 2147483647;
			files = (
				60098AD71EFBF47600ABD168 /* sushicoreTests.swift in Sources */,
			);
			runOnlyForDeploymentPostprocessing = 0;
		};
/* End PBXSourcesBuildPhase section */

/* Begin PBXTargetDependency section */
		60098AD41EFBF47600ABD168 /* PBXTargetDependency */ = {
			isa = PBXTargetDependency;
			target = 60098AC71EFBF47500ABD168 /* sushicore */;
			targetProxy = 60098AD31EFBF47600ABD168 /* PBXContainerItemProxy */;
		};
/* End PBXTargetDependency section */

/* Begin XCBuildConfiguration section */
		60098ADA1EFBF47600ABD168 /* Debug */ = {
			isa = XCBuildConfiguration;
			buildSettings = {
				ALWAYS_SEARCH_USER_PATHS = NO;
				CLANG_ANALYZER_NONNULL = YES;
				CLANG_ANALYZER_NUMBER_OBJECT_CONVERSION = YES_AGGRESSIVE;
				CLANG_CXX_LANGUAGE_STANDARD = "gnu++14";
				CLANG_CXX_LIBRARY = "libc++";
				CLANG_ENABLE_MODULES = YES;
				CLANG_ENABLE_OBJC_ARC = YES;
				CLANG_WARN_BLOCK_CAPTURE_AUTORELEASING = YES;
				CLANG_WARN_BOOL_CONVERSION = YES;
				CLANG_WARN_COMMA = YES;
				CLANG_WARN_CONSTANT_CONVERSION = YES;
				CLANG_WARN_DIRECT_OBJC_ISA_USAGE = YES_ERROR;
				CLANG_WARN_DOCUMENTATION_COMMENTS = YES;
				CLANG_WARN_EMPTY_BODY = YES;
				CLANG_WARN_ENUM_CONVERSION = YES;
				CLANG_WARN_INFINITE_RECURSION = YES;
				CLANG_WARN_INT_CONVERSION = YES;
				CLANG_WARN_OBJC_ROOT_CLASS = YES_ERROR;
				CLANG_WARN_RANGE_LOOP_ANALYSIS = YES;
				CLANG_WARN_STRICT_PROTOTYPES = YES;
				CLANG_WARN_SUSPICIOUS_MOVE = YES;
				CLANG_WARN_UNGUARDED_AVAILABILITY = YES_AGGRESSIVE;
				CLANG_WARN_UNREACHABLE_CODE = YES;
				CLANG_WARN__DUPLICATE_METHOD_MATCH = YES;
				CODE_SIGN_IDENTITY = "iPhone Developer";
				COPY_PHASE_STRIP = NO;
				CURRENT_PROJECT_VERSION = 1;
				DEBUG_INFORMATION_FORMAT = dwarf;
				ENABLE_STRICT_OBJC_MSGSEND = YES;
				ENABLE_TESTABILITY = YES;
				GCC_C_LANGUAGE_STANDARD = gnu11;
				GCC_DYNAMIC_NO_PIC = NO;
				GCC_NO_COMMON_BLOCKS = YES;
				GCC_OPTIMIZATION_LEVEL = 0;
				GCC_PREPROCESSOR_DEFINITIONS = (
					"DEBUG=1",
					"$(inherited)",
				);
				GCC_WARN_64_TO_32_BIT_CONVERSION = YES;
				GCC_WARN_ABOUT_RETURN_TYPE = YES_ERROR;
				GCC_WARN_UNDECLARED_SELECTOR = YES;
				GCC_WARN_UNINITIALIZED_AUTOS = YES_AGGRESSIVE;
				GCC_WARN_UNUSED_FUNCTION = YES;
				GCC_WARN_UNUSED_VARIABLE = YES;
				IPHONEOS_DEPLOYMENT_TARGET = 11.0;
				MTL_ENABLE_DEBUG_INFO = YES;
				ONLY_ACTIVE_ARCH = YES;
				SDKROOT = iphoneos;
				SWIFT_ACTIVE_COMPILATION_CONDITIONS = DEBUG;
				SWIFT_OPTIMIZATION_LEVEL = "-Onone";
				VERSIONING_SYSTEM = "apple-generic";
				VERSION_INFO_PREFIX = "";
			};
			name = Debug;
		};
		60098ADB1EFBF47600ABD168 /* Release */ = {
			isa = XCBuildConfiguration;
			buildSettings = {
				ALWAYS_SEARCH_USER_PATHS = NO;
				CLANG_ANALYZER_NONNULL = YES;
				CLANG_ANALYZER_NUMBER_OBJECT_CONVERSION = YES_AGGRESSIVE;
				CLANG_CXX_LANGUAGE_STANDARD = "gnu++14";
				CLANG_CXX_LIBRARY = "libc++";
				CLANG_ENABLE_MODULES = YES;
				CLANG_ENABLE_OBJC_ARC = YES;
				CLANG_WARN_BLOCK_CAPTURE_AUTORELEASING = YES;
				CLANG_WARN_BOOL_CONVERSION = YES;
				CLANG_WARN_COMMA = YES;
				CLANG_WARN_CONSTANT_CONVERSION = YES;
				CLANG_WARN_DIRECT_OBJC_ISA_USAGE = YES_ERROR;
				CLANG_WARN_DOCUMENTATION_COMMENTS = YES;
				CLANG_WARN_EMPTY_BODY = YES;
				CLANG_WARN_ENUM_CONVERSION = YES;
				CLANG_WARN_INFINITE_RECURSION = YES;
				CLANG_WARN_INT_CONVERSION = YES;
				CLANG_WARN_OBJC_ROOT_CLASS = YES_ERROR;
				CLANG_WARN_RANGE_LOOP_ANALYSIS = YES;
				CLANG_WARN_STRICT_PROTOTYPES = YES;
				CLANG_WARN_SUSPICIOUS_MOVE = YES;
				CLANG_WARN_UNGUARDED_AVAILABILITY = YES_AGGRESSIVE;
				CLANG_WARN_UNREACHABLE_CODE = YES;
				CLANG_WARN__DUPLICATE_METHOD_MATCH = YES;
				CODE_SIGN_IDENTITY = "iPhone Developer";
				COPY_PHASE_STRIP = NO;
				CURRENT_PROJECT_VERSION = 1;
				DEBUG_INFORMATION_FORMAT = "dwarf-with-dsym";
				ENABLE_NS_ASSERTIONS = NO;
				ENABLE_STRICT_OBJC_MSGSEND = YES;
				GCC_C_LANGUAGE_STANDARD = gnu11;
				GCC_NO_COMMON_BLOCKS = YES;
				GCC_WARN_64_TO_32_BIT_CONVERSION = YES;
				GCC_WARN_ABOUT_RETURN_TYPE = YES_ERROR;
				GCC_WARN_UNDECLARED_SELECTOR = YES;
				GCC_WARN_UNINITIALIZED_AUTOS = YES_AGGRESSIVE;
				GCC_WARN_UNUSED_FUNCTION = YES;
				GCC_WARN_UNUSED_VARIABLE = YES;
				IPHONEOS_DEPLOYMENT_TARGET = 11.0;
				MTL_ENABLE_DEBUG_INFO = NO;
				SDKROOT = iphoneos;
				SWIFT_OPTIMIZATION_LEVEL = "-Owholemodule";
				VALIDATE_PRODUCT = YES;
				VERSIONING_SYSTEM = "apple-generic";
				VERSION_INFO_PREFIX = "";
			};
			name = Release;
		};
		60098ADD1EFBF47600ABD168 /* Debug */ = {
			isa = XCBuildConfiguration;
			buildSettings = {
				CLANG_ENABLE_MODULES = YES;
				CODE_SIGN_IDENTITY = "";
				DEFINES_MODULE = YES;
				DEVELOPMENT_TEAM = FV49BGP2TT;
				DYLIB_COMPATIBILITY_VERSION = 1;
				DYLIB_CURRENT_VERSION = 1;
				DYLIB_INSTALL_NAME_BASE = "@rpath";
				INFOPLIST_FILE = sushicore/Info.plist;
				INSTALL_PATH = "$(LOCAL_LIBRARY_DIR)/Frameworks";
				LD_RUNPATH_SEARCH_PATHS = "$(inherited) @executable_path/Frameworks @loader_path/Frameworks";
				PRODUCT_BUNDLE_IDENTIFIER = net.rantingmong.sushi.core;
				PRODUCT_NAME = "$(TARGET_NAME:c99extidentifier)";
				SKIP_INSTALL = YES;
				SWIFT_OPTIMIZATION_LEVEL = "-Onone";
				SWIFT_VERSION = 4.0;
				TARGETED_DEVICE_FAMILY = "1,2";
			};
			name = Debug;
		};
		60098ADE1EFBF47600ABD168 /* Release */ = {
			isa = XCBuildConfiguration;
			buildSettings = {
				CLANG_ENABLE_MODULES = YES;
				CODE_SIGN_IDENTITY = "";
				DEFINES_MODULE = YES;
				DEVELOPMENT_TEAM = FV49BGP2TT;
				DYLIB_COMPATIBILITY_VERSION = 1;
				DYLIB_CURRENT_VERSION = 1;
				DYLIB_INSTALL_NAME_BASE = "@rpath";
				INFOPLIST_FILE = sushicore/Info.plist;
				INSTALL_PATH = "$(LOCAL_LIBRARY_DIR)/Frameworks";
				LD_RUNPATH_SEARCH_PATHS = "$(inherited) @executable_path/Frameworks @loader_path/Frameworks";
				PRODUCT_BUNDLE_IDENTIFIER = net.rantingmong.sushi.core;
				PRODUCT_NAME = "$(TARGET_NAME:c99extidentifier)";
				SKIP_INSTALL = YES;
				SWIFT_VERSION = 4.0;
				TARGETED_DEVICE_FAMILY = "1,2";
			};
			name = Release;
		};
		60098AE01EFBF47600ABD168 /* Debug */ = {
			isa = XCBuildConfiguration;
			buildSettings = {
				ALWAYS_EMBED_SWIFT_STANDARD_LIBRARIES = YES;
				DEVELOPMENT_TEAM = FV49BGP2TT;
				INFOPLIST_FILE = sushicoreTests/Info.plist;
				LD_RUNPATH_SEARCH_PATHS = "$(inherited) @executable_path/Frameworks @loader_path/Frameworks";
				PRODUCT_BUNDLE_IDENTIFIER = net.rantingmong.sushicoreTests;
				PRODUCT_NAME = "$(TARGET_NAME)";
				SWIFT_VERSION = 4.0;
				TARGETED_DEVICE_FAMILY = "1,2";
			};
			name = Debug;
		};
		60098AE11EFBF47600ABD168 /* Release */ = {
			isa = XCBuildConfiguration;
			buildSettings = {
				ALWAYS_EMBED_SWIFT_STANDARD_LIBRARIES = YES;
				DEVELOPMENT_TEAM = FV49BGP2TT;
				INFOPLIST_FILE = sushicoreTests/Info.plist;
				LD_RUNPATH_SEARCH_PATHS = "$(inherited) @executable_path/Frameworks @loader_path/Frameworks";
				PRODUCT_BUNDLE_IDENTIFIER = net.rantingmong.sushicoreTests;
				PRODUCT_NAME = "$(TARGET_NAME)";
				SWIFT_VERSION = 4.0;
				TARGETED_DEVICE_FAMILY = "1,2";
			};
			name = Release;
		};
/* End XCBuildConfiguration section */

/* Begin XCConfigurationList section */
		60098AC21EFBF47500ABD168 /* Build configuration list for PBXProject "sushicore" */ = {
			isa = XCConfigurationList;
			buildConfigurations = (
				60098ADA1EFBF47600ABD168 /* Debug */,
				60098ADB1EFBF47600ABD168 /* Release */,
			);
			defaultConfigurationIsVisible = 0;
			defaultConfigurationName = Release;
		};
		60098ADC1EFBF47600ABD168 /* Build configuration list for PBXNativeTarget "sushicore" */ = {
			isa = XCConfigurationList;
			buildConfigurations = (
				60098ADD1EFBF47600ABD168 /* Debug */,
				60098ADE1EFBF47600ABD168 /* Release */,
			);
			defaultConfigurationIsVisible = 0;
			defaultConfigurationName = Release;
		};
		60098ADF1EFBF47600ABD168 /* Build configuration list for PBXNativeTarget "sushicoreTests" */ = {
			isa = XCConfigurationList;
			buildConfigurations = (
				60098AE01EFBF47600ABD168 /* Debug */,
				60098AE11EFBF47600ABD168 /* Release */,
			);
			defaultConfigurationIsVisible = 0;
			defaultConfigurationName = Release;
		};
/* End XCConfigurationList section */
	};
	rootObject = 60098ABF1EFBF47500ABD168 /* Project object */;
}
